<?xml version="1.0" encoding="utf-8"?>
<Project ToolsVersion="4.0" xmlns="http://schemas.microsoft.com/developer/msbuild/2003">
  <ItemGroup>
    <Filter Include="源文件">
      <UniqueIdentifier>{4FC737F1-C7A5-4376-A066-2A32D752A2FF}</UniqueIdentifier>
      <Extensions>cpp;c;cc;cxx;c++;cppm;ixx;def;odl;idl;hpj;bat;asm;asmx</Extensions>
    </Filter>
    <Filter Include="头文件">
      <UniqueIdentifier>{93995380-89BD-4b04-88EB-625FBE52EBFB}</UniqueIdentifier>
      <Extensions>h;hh;hpp;hxx;h++;hm;inl;inc;ipp;xsd</Extensions>
    </Filter>
    <Filter Include="资源文件">
      <UniqueIdentifier>{67DA6AB6-F800-4c08-8B7A-83BB121AAD01}</UniqueIdentifier>
      <Extensions>rc;ico;cur;bmp;dlg;rc2;rct;bin;rgs;gif;jpg;jpeg;jpe;resx;tiff;tif;png;wav;mfcribbon-ms</Extensions>
    </Filter>
    <Filter Include="源文件\Test">
      <UniqueIdentifier>{4472b1f7-929b-47f2-a68d-abdbc958ac99}</UniqueIdentifier>
    </Filter>
  </ItemGroup>
  <ItemGroup>
    <ClInclude Include="D3DObject.h">
      <Filter>头文件</Filter>
    </ClInclude>
    <ClInclude Include="Display.h">
      <Filter>头文件</Filter>
    </ClInclude>
    <ClInclude Include="pbh.h">
      <Filter>头文件</Filter>
    </ClInclude>
    <ClInclude Include="Adapter.h">
      <Filter>头文件</Filter>
    </ClInclude>
    <ClInclude Include="AdapterContainer.h">
      <Filter>头文件</Filter>
    </ClInclude>
    <ClInclude Include="Device.h">
      <Filter>头文件</Filter>
    </ClInclude>
    <ClInclude Include="RootParameter.h">
      <Filter>头文件</Filter>
    </ClInclude>
    <ClInclude Include="DescriptorTableRange.h">
      <Filter>头文件</Filter>
    </ClInclude>
    <ClInclude Include="RootSignature.h">
      <Filter>头文件</Filter>
    </ClInclude>
    <ClInclude Include="Fence.h">
      <Filter>头文件</Filter>
    </ClInclude>
    <ClInclude Include="DescriptorHeap.h">
      <Filter>头文件</Filter>
    </ClInclude>
    <ClInclude Include="DebugLayer.h">
      <Filter>头文件</Filter>
    </ClInclude>
    <ClInclude Include="ResourceBarrierBatch.h">
      <Filter>头文件</Filter>
    </ClInclude>
    <ClInclude Include="DWParam.h">
      <Filter>头文件</Filter>
    </ClInclude>
    <ClInclude Include="CommandQueue.h">
      <Filter>头文件</Filter>
    </ClInclude>
    <ClInclude Include="Heap.h">
      <Filter>头文件</Filter>
    </ClInclude>
    <ClInclude Include="Shader.h">
      <Filter>头文件</Filter>
    </ClInclude>
    <ClInclude Include="ShaderCompiler.h">
      <Filter>头文件</Filter>
    </ClInclude>
    <ClInclude Include="ShaderDesc.h">
      <Filter>头文件</Filter>
    </ClInclude>
    <ClInclude Include="QueryHeap.h">
      <Filter>头文件</Filter>
    </ClInclude>
    <ClInclude Include="Resource.h">
      <Filter>头文件</Filter>
    </ClInclude>
    <ClInclude Include="Buffer.h">
      <Filter>头文件</Filter>
    </ClInclude>
    <ClInclude Include="ResourceDesc.h">
      <Filter>头文件</Filter>
    </ClInclude>
    <ClInclude Include="CommandAllocator.h">
      <Filter>头文件</Filter>
    </ClInclude>
    <ClInclude Include="CommandList.h">
      <Filter>头文件</Filter>
    </ClInclude>
    <ClInclude Include="PipelineState.h">
      <Filter>头文件</Filter>
    </ClInclude>
    <ClInclude Include="SwapChain.h">
      <Filter>头文件</Filter>
    </ClInclude>
    <ClInclude Include="d3dx12.h">
      <Filter>头文件</Filter>
    </ClInclude>
    <ClInclude Include="DDS.h">
      <Filter>头文件</Filter>
    </ClInclude>
    <ClInclude Include="IndirectArgument.h">
      <Filter>头文件</Filter>
    </ClInclude>
    <ClInclude Include="CommandSignature.h">
      <Filter>头文件</Filter>
    </ClInclude>
    <ClInclude Include="Viewport.h">
      <Filter>头文件</Filter>
    </ClInclude>
    <ClInclude Include="Rect.h">
      <Filter>头文件</Filter>
    </ClInclude>
    <ClInclude Include="Box.h">
      <Filter>头文件</Filter>
    </ClInclude>
  </ItemGroup>
  <ItemGroup>
    <ClCompile Include="Display.cpp">
      <Filter>源文件</Filter>
    </ClCompile>
    <ClCompile Include="Adapter.cpp">
      <Filter>源文件</Filter>
    </ClCompile>
    <ClCompile Include="AdapterContainer.cpp">
      <Filter>源文件</Filter>
    </ClCompile>
    <ClCompile Include="Device.cpp">
      <Filter>源文件</Filter>
    </ClCompile>
    <ClCompile Include="RootParameter.cpp">
      <Filter>源文件</Filter>
    </ClCompile>
    <ClCompile Include="DescriptorTableRange.cpp">
      <Filter>源文件</Filter>
    </ClCompile>
    <ClCompile Include="RootSignature.cpp">
      <Filter>源文件</Filter>
    </ClCompile>
    <ClCompile Include="Fence.cpp">
      <Filter>源文件</Filter>
    </ClCompile>
    <ClCompile Include="DescriptorHeap.cpp">
      <Filter>源文件</Filter>
    </ClCompile>
    <ClCompile Include="DebugLayer.cpp">
      <Filter>源文件</Filter>
    </ClCompile>
    <ClCompile Include="ResourceBarrierBatch.cpp">
      <Filter>源文件</Filter>
    </ClCompile>
    <ClCompile Include="CommandQueue.cpp">
      <Filter>源文件</Filter>
    </ClCompile>
    <ClCompile Include="Heap.cpp">
      <Filter>源文件</Filter>
    </ClCompile>
    <ClCompile Include="pbh.cpp">
      <Filter>源文件</Filter>
    </ClCompile>
    <ClCompile Include="Shader.cpp">
      <Filter>源文件</Filter>
    </ClCompile>
    <ClCompile Include="ShaderCompiler.cpp">
      <Filter>源文件</Filter>
    </ClCompile>
    <ClCompile Include="QueryHeap.cpp">
      <Filter>源文件</Filter>
    </ClCompile>
    <ClCompile Include="Resource.cpp">
      <Filter>源文件</Filter>
    </ClCompile>
    <ClCompile Include="Buffer.cpp">
      <Filter>源文件</Filter>
    </ClCompile>
    <ClCompile Include="CommandAllocator.cpp">
      <Filter>源文件</Filter>
    </ClCompile>
    <ClCompile Include="CommandList.cpp">
      <Filter>源文件</Filter>
    </ClCompile>
    <ClCompile Include="PipelineState.cpp">
      <Filter>源文件</Filter>
    </ClCompile>
    <ClCompile Include="ShaderDesc.cpp">
      <Filter>源文件</Filter>
    </ClCompile>
    <ClCompile Include="SwapChain.cpp">
      <Filter>源文件</Filter>
    </ClCompile>
    <ClCompile Include="GHLTest.cpp">
      <Filter>源文件\Test</Filter>
    </ClCompile>
    <ClCompile Include="CommandSignature.cpp">
      <Filter>源文件</Filter>
    </ClCompile>
    <ClCompile Include="IndirectArgument.cpp">
      <Filter>源文件</Filter>
    </ClCompile>
    <ClCompile Include="Viewport.cpp">
      <Filter>源文件</Filter>
    </ClCompile>
    <ClCompile Include="Rect.cpp">
      <Filter>源文件</Filter>
    </ClCompile>
    <ClCompile Include="Box.cpp">
      <Filter>源文件</Filter>
    </ClCompile>
  </ItemGroup>
  <ItemGroup>
    <Image Include="StreamTextureSystem.png">
      <Filter>资源文件</Filter>
    </Image>
  </ItemGroup>
</Project>