<?xml version="1.0" encoding="utf-8"?>
<Project ToolsVersion="4.0" xmlns="http://schemas.microsoft.com/developer/msbuild/2003">
  <ItemGroup>
    <Filter Include="源文件">
      <UniqueIdentifier>{4FC737F1-C7A5-4376-A066-2A32D752A2FF}</UniqueIdentifier>
      <Extensions>cpp;c;cc;cxx;c++;cppm;ixx;def;odl;idl;hpj;bat;asm;asmx</Extensions>
    </Filter>
    <Filter Include="头文件">
      <UniqueIdentifier>{93995380-89BD-4b04-88EB-625FBE52EBFB}</UniqueIdentifier>
      <Extensions>h;hh;hpp;hxx;h++;hm;inl;inc;ipp;xsd</Extensions>
    </Filter>
    <Filter Include="资源文件">
      <UniqueIdentifier>{67DA6AB6-F800-4c08-8B7A-83BB121AAD01}</UniqueIdentifier>
      <Extensions>rc;ico;cur;bmp;dlg;rc2;rct;bin;rgs;gif;jpg;jpeg;jpe;resx;tiff;tif;png;wav;mfcribbon-ms</Extensions>
    </Filter>
    <Filter Include="头文件\Input">
      <UniqueIdentifier>{f06834f5-5401-4a28-9511-437a0d369816}</UniqueIdentifier>
    </Filter>
    <Filter Include="源文件\Input">
      <UniqueIdentifier>{e2861e43-0134-4543-8d34-cd250437091f}</UniqueIdentifier>
    </Filter>
    <Filter Include="源文件\Test">
      <UniqueIdentifier>{5f0b436b-77f7-4fa0-8232-a74df7d222af}</UniqueIdentifier>
    </Filter>
    <Filter Include="头文件\Dialogs">
      <UniqueIdentifier>{d5c6bf8f-f556-47a3-a5e1-f140e0e9a5a5}</UniqueIdentifier>
    </Filter>
    <Filter Include="源文件\Dialogs">
      <UniqueIdentifier>{9ca23165-dd7f-4f51-8e36-6ca67da43cb8}</UniqueIdentifier>
    </Filter>
  </ItemGroup>
  <ItemGroup>
    <ClInclude Include="Window.h">
      <Filter>头文件</Filter>
    </ClInclude>
    <ClInclude Include="EKey.h">
      <Filter>头文件\Input</Filter>
    </ClInclude>
    <ClInclude Include="EkeyState.h">
      <Filter>头文件\Input</Filter>
    </ClInclude>
    <ClInclude Include="EMouseButton.h">
      <Filter>头文件\Input</Filter>
    </ClInclude>
    <ClInclude Include="EMouseButtonState.h">
      <Filter>头文件\Input</Filter>
    </ClInclude>
    <ClInclude Include="InputManger.h">
      <Filter>头文件\Input</Filter>
    </ClInclude>
    <ClInclude Include="WindowSetting.h">
      <Filter>头文件</Filter>
    </ClInclude>
    <ClInclude Include="OpenFileDialog.h">
      <Filter>头文件\Dialogs</Filter>
    </ClInclude>
    <ClInclude Include="FileDialog.h">
      <Filter>头文件\Dialogs</Filter>
    </ClInclude>
    <ClInclude Include="SaveFileDialog.h">
      <Filter>头文件\Dialogs</Filter>
    </ClInclude>
  </ItemGroup>
  <ItemGroup>
    <ClCompile Include="Window.cpp">
      <Filter>源文件</Filter>
    </ClCompile>
    <ClCompile Include="InputManger.cpp">
      <Filter>源文件\Input</Filter>
    </ClCompile>
    <ClCompile Include="WindowTest.cpp">
      <Filter>源文件\Test</Filter>
    </ClCompile>
    <ClCompile Include="FileDialog.cpp">
      <Filter>源文件\Dialogs</Filter>
    </ClCompile>
    <ClCompile Include="OpenFileDialog.cpp">
      <Filter>源文件\Dialogs</Filter>
    </ClCompile>
    <ClCompile Include="SaveFileDialog.cpp">
      <Filter>源文件\Dialogs</Filter>
    </ClCompile>
  </ItemGroup>
</Project>