<?xml version="1.0" encoding="utf-8"?>
<Project ToolsVersion="4.0" xmlns="http://schemas.microsoft.com/developer/msbuild/2003">
  <ItemGroup>
    <Filter Include="源文件">
      <UniqueIdentifier>{4FC737F1-C7A5-4376-A066-2A32D752A2FF}</UniqueIdentifier>
      <Extensions>cpp;c;cc;cxx;c++;cppm;ixx;def;odl;idl;hpj;bat;asm;asmx</Extensions>
    </Filter>
    <Filter Include="头文件">
      <UniqueIdentifier>{93995380-89BD-4b04-88EB-625FBE52EBFB}</UniqueIdentifier>
      <Extensions>h;hh;hpp;hxx;h++;hm;inl;inc;ipp;xsd</Extensions>
    </Filter>
    <Filter Include="资源文件">
      <UniqueIdentifier>{67DA6AB6-F800-4c08-8B7A-83BB121AAD01}</UniqueIdentifier>
      <Extensions>rc;ico;cur;bmp;dlg;rc2;rct;bin;rgs;gif;jpg;jpeg;jpe;resx;tiff;tif;png;wav;mfcribbon-ms</Extensions>
    </Filter>
    <Filter Include="头文件\Core">
      <UniqueIdentifier>{6cafa62e-740f-446f-ace8-46ba83fe81cd}</UniqueIdentifier>
    </Filter>
    <Filter Include="源文件\Core">
      <UniqueIdentifier>{fb13f215-cbec-45da-8b67-1b2cf0d5d548}</UniqueIdentifier>
    </Filter>
    <Filter Include="头文件\System">
      <UniqueIdentifier>{4c3137ba-12ca-43ec-95a2-5ba5206e3bc2}</UniqueIdentifier>
    </Filter>
    <Filter Include="源文件\System">
      <UniqueIdentifier>{e05e155b-170f-498f-956b-e92d94bd7f32}</UniqueIdentifier>
    </Filter>
    <Filter Include="头文件\Component">
      <UniqueIdentifier>{f92a04ce-afb4-4dcd-9754-4abe3b8be1ba}</UniqueIdentifier>
    </Filter>
    <Filter Include="源文件\Component">
      <UniqueIdentifier>{0bcfcdce-c05b-4a97-90c4-fe8b81b60d43}</UniqueIdentifier>
    </Filter>
    <Filter Include="头文件\System\User">
      <UniqueIdentifier>{605ada1b-75a3-4388-86fd-c50bc388549c}</UniqueIdentifier>
    </Filter>
    <Filter Include="源文件\System\User">
      <UniqueIdentifier>{b9639338-ed68-4b19-a868-b176b4210537}</UniqueIdentifier>
    </Filter>
  </ItemGroup>
  <ItemGroup>
    <ClInclude Include="Application.h">
      <Filter>头文件\Core</Filter>
    </ClInclude>
    <ClInclude Include="Context.h">
      <Filter>头文件\Core</Filter>
    </ClInclude>
    <ClInclude Include="Game.h">
      <Filter>头文件\Core</Filter>
    </ClInclude>
    <ClInclude Include="GameInitializer.h">
      <Filter>头文件\Core</Filter>
    </ClInclude>
    <ClInclude Include="SystemManger.h">
      <Filter>头文件\System</Filter>
    </ClInclude>
    <ClInclude Include="ISystem.h">
      <Filter>头文件\System</Filter>
    </ClInclude>
    <ClInclude Include="StreamPhysicsSystem.h">
      <Filter>头文件\System\User</Filter>
    </ClInclude>
    <ClInclude Include="CameraSystem.h">
      <Filter>头文件\System\User</Filter>
    </ClInclude>
    <ClInclude Include="GlobalData.h">
      <Filter>头文件\Core</Filter>
    </ClInclude>
    <ClInclude Include="AssetManger.h">
      <Filter>头文件\Core</Filter>
    </ClInclude>
    <ClInclude Include="CTank.h">
      <Filter>头文件\Component</Filter>
    </ClInclude>
    <ClInclude Include="CTankWheel.h">
      <Filter>头文件\Component</Filter>
    </ClInclude>
    <ClInclude Include="CTankTurret.h">
      <Filter>头文件\Component</Filter>
    </ClInclude>
    <ClInclude Include="CTankBarrel.h">
      <Filter>头文件\Component</Filter>
    </ClInclude>
    <ClInclude Include="TankSystem.h">
      <Filter>头文件\System\User</Filter>
    </ClInclude>
  </ItemGroup>
  <ItemGroup>
    <ClCompile Include="Application.cpp">
      <Filter>源文件\Core</Filter>
    </ClCompile>
    <ClCompile Include="Context.cpp">
      <Filter>源文件\Core</Filter>
    </ClCompile>
    <ClCompile Include="Game.cpp">
      <Filter>源文件\Core</Filter>
    </ClCompile>
    <ClCompile Include="GameMain.cpp">
      <Filter>源文件</Filter>
    </ClCompile>
    <ClCompile Include="GameInitializer.cpp">
      <Filter>源文件\Core</Filter>
    </ClCompile>
    <ClCompile Include="SystemManger.cpp">
      <Filter>源文件\System</Filter>
    </ClCompile>
    <ClCompile Include="StreamPhysicsSystem.cpp">
      <Filter>源文件\System\User</Filter>
    </ClCompile>
    <ClCompile Include="CameraSystem.cpp">
      <Filter>源文件\System\User</Filter>
    </ClCompile>
    <ClCompile Include="AssetManger.cpp">
      <Filter>源文件\Core</Filter>
    </ClCompile>
    <ClCompile Include="CTank.cpp">
      <Filter>源文件\Component</Filter>
    </ClCompile>
    <ClCompile Include="CTankBarrel.cpp">
      <Filter>源文件\Component</Filter>
    </ClCompile>
    <ClCompile Include="CTankTurret.cpp">
      <Filter>源文件\Component</Filter>
    </ClCompile>
    <ClCompile Include="CTankWheel.cpp">
      <Filter>源文件\Component</Filter>
    </ClCompile>
    <ClCompile Include="TankSystem.cpp">
      <Filter>源文件\System\User</Filter>
    </ClCompile>
  </ItemGroup>
</Project>