
Microsoft Visual Studio Solution File, Format Version 12.00
# Visual Studio Version 17
VisualStudioVersion = 17.3.32929.385
MinimumVisualStudioVersion = 10.0.40219.1
Project("{8BC9CEB8-8B4A-11D0-8D11-00A0C91BC942}") = "Tools", "Tools\Tools.vcxproj", "{174EFEE4-0E95-429F-BCDE-8A04E5ECBEE8}"
EndProject
Project("{8BC9CEB8-8B4A-11D0-8D11-00A0C91BC942}") = "Core", "Core\Core.vcxproj", "{CC73A8F3-16A6-44D9-A924-34D75EF88BBC}"
EndProject
Project("{8BC9CEB8-8B4A-11D0-8D11-00A0C91BC942}") = "Application", "Editor\Editor.vcxproj", "{2270EFEA-254D-4767-8461-B72ADF1DAFBA}"
EndProject
Project("{8BC9CEB8-8B4A-11D0-8D11-00A0C91BC942}") = "UI", "UI\UI.vcxproj", "{F3015252-DC64-4F6D-B5D9-07F6BCDBD611}"
EndProject
Project("{8BC9CEB8-8B4A-11D0-8D11-00A0C91BC942}") = "Math", "Math\Math.vcxproj", "{49EF35EC-4E53-4B6E-B6AA-7E0FC4239C11}"
EndProject
Project("{8BC9CEB8-8B4A-11D0-8D11-00A0C91BC942}") = "Windows", "Windows\Windows.vcxproj", "{D9BABB68-ACEE-428F-BEFE-C0E72FEB0779}"
EndProject
Project("{8BC9CEB8-8B4A-11D0-8D11-00A0C91BC942}") = "GHL", "GHL\GHL.vcxproj", "{EE8DF10C-9BEA-4B8D-9921-68E186F813CF}"
EndProject
Project("{8BC9CEB8-8B4A-11D0-8D11-00A0C91BC942}") = "Renderer", "Renderer\Renderer.vcxproj", "{CAF78C56-CAE7-43C5-AACE-FB6489240994}"
EndProject
Project("{8BC9CEB8-8B4A-11D0-8D11-00A0C91BC942}") = "Shader", "Shader\Shader.vcxproj", "{D22DC974-7C5F-42CE-8933-5F58B72CB8BA}"
EndProject
Global
	GlobalSection(SolutionConfigurationPlatforms) = preSolution
		Debug|x64 = Debug|x64
		Debug|x86 = Debug|x86
		Release|x64 = Release|x64
		Release|x86 = Release|x86
	EndGlobalSection
	GlobalSection(ProjectConfigurationPlatforms) = postSolution
		{174EFEE4-0E95-429F-BCDE-8A04E5ECBEE8}.Debug|x64.ActiveCfg = Debug|x64
		{174EFEE4-0E95-429F-BCDE-8A04E5ECBEE8}.Debug|x64.Build.0 = Debug|x64
		{174EFEE4-0E95-429F-BCDE-8A04E5ECBEE8}.Debug|x86.ActiveCfg = Debug|Win32
		{174EFEE4-0E95-429F-BCDE-8A04E5ECBEE8}.Debug|x86.Build.0 = Debug|Win32
		{174EFEE4-0E95-429F-BCDE-8A04E5ECBEE8}.Release|x64.ActiveCfg = Release|x64
		{174EFEE4-0E95-429F-BCDE-8A04E5ECBEE8}.Release|x64.Build.0 = Release|x64
		{174EFEE4-0E95-429F-BCDE-8A04E5ECBEE8}.Release|x86.ActiveCfg = Release|Win32
		{174EFEE4-0E95-429F-BCDE-8A04E5ECBEE8}.Release|x86.Build.0 = Release|Win32
		{CC73A8F3-16A6-44D9-A924-34D75EF88BBC}.Debug|x64.ActiveCfg = Debug|x64
		{CC73A8F3-16A6-44D9-A924-34D75EF88BBC}.Debug|x64.Build.0 = Debug|x64
		{CC73A8F3-16A6-44D9-A924-34D75EF88BBC}.Debug|x86.ActiveCfg = Debug|Win32
		{CC73A8F3-16A6-44D9-A924-34D75EF88BBC}.Debug|x86.Build.0 = Debug|Win32
		{CC73A8F3-16A6-44D9-A924-34D75EF88BBC}.Release|x64.ActiveCfg = Release|x64
		{CC73A8F3-16A6-44D9-A924-34D75EF88BBC}.Release|x64.Build.0 = Release|x64
		{CC73A8F3-16A6-44D9-A924-34D75EF88BBC}.Release|x86.ActiveCfg = Release|Win32
		{CC73A8F3-16A6-44D9-A924-34D75EF88BBC}.Release|x86.Build.0 = Release|Win32
		{2270EFEA-254D-4767-8461-B72ADF1DAFBA}.Debug|x64.ActiveCfg = Debug|x64
		{2270EFEA-254D-4767-8461-B72ADF1DAFBA}.Debug|x64.Build.0 = Debug|x64
		{2270EFEA-254D-4767-8461-B72ADF1DAFBA}.Debug|x86.ActiveCfg = Debug|Win32
		{2270EFEA-254D-4767-8461-B72ADF1DAFBA}.Debug|x86.Build.0 = Debug|Win32
		{2270EFEA-254D-4767-8461-B72ADF1DAFBA}.Release|x64.ActiveCfg = Release|x64
		{2270EFEA-254D-4767-8461-B72ADF1DAFBA}.Release|x64.Build.0 = Release|x64
		{2270EFEA-254D-4767-8461-B72ADF1DAFBA}.Release|x86.ActiveCfg = Release|Win32
		{2270EFEA-254D-4767-8461-B72ADF1DAFBA}.Release|x86.Build.0 = Release|Win32
		{F3015252-DC64-4F6D-B5D9-07F6BCDBD611}.Debug|x64.ActiveCfg = Debug|x64
		{F3015252-DC64-4F6D-B5D9-07F6BCDBD611}.Debug|x64.Build.0 = Debug|x64
		{F3015252-DC64-4F6D-B5D9-07F6BCDBD611}.Debug|x86.ActiveCfg = Debug|Win32
		{F3015252-DC64-4F6D-B5D9-07F6BCDBD611}.Debug|x86.Build.0 = Debug|Win32
		{F3015252-DC64-4F6D-B5D9-07F6BCDBD611}.Release|x64.ActiveCfg = Release|x64
		{F3015252-DC64-4F6D-B5D9-07F6BCDBD611}.Release|x64.Build.0 = Release|x64
		{F3015252-DC64-4F6D-B5D9-07F6BCDBD611}.Release|x86.ActiveCfg = Release|Win32
		{F3015252-DC64-4F6D-B5D9-07F6BCDBD611}.Release|x86.Build.0 = Release|Win32
		{49EF35EC-4E53-4B6E-B6AA-7E0FC4239C11}.Debug|x64.ActiveCfg = Debug|x64
		{49EF35EC-4E53-4B6E-B6AA-7E0FC4239C11}.Debug|x64.Build.0 = Debug|x64
		{49EF35EC-4E53-4B6E-B6AA-7E0FC4239C11}.Debug|x86.ActiveCfg = Debug|Win32
		{49EF35EC-4E53-4B6E-B6AA-7E0FC4239C11}.Debug|x86.Build.0 = Debug|Win32
		{49EF35EC-4E53-4B6E-B6AA-7E0FC4239C11}.Release|x64.ActiveCfg = Release|x64
		{49EF35EC-4E53-4B6E-B6AA-7E0FC4239C11}.Release|x64.Build.0 = Release|x64
		{49EF35EC-4E53-4B6E-B6AA-7E0FC4239C11}.Release|x86.ActiveCfg = Release|Win32
		{49EF35EC-4E53-4B6E-B6AA-7E0FC4239C11}.Release|x86.Build.0 = Release|Win32
		{D9BABB68-ACEE-428F-BEFE-C0E72FEB0779}.Debug|x64.ActiveCfg = Debug|x64
		{D9BABB68-ACEE-428F-BEFE-C0E72FEB0779}.Debug|x64.Build.0 = Debug|x64
		{D9BABB68-ACEE-428F-BEFE-C0E72FEB0779}.Debug|x86.ActiveCfg = Debug|Win32
		{D9BABB68-ACEE-428F-BEFE-C0E72FEB0779}.Debug|x86.Build.0 = Debug|Win32
		{D9BABB68-ACEE-428F-BEFE-C0E72FEB0779}.Release|x64.ActiveCfg = Release|x64
		{D9BABB68-ACEE-428F-BEFE-C0E72FEB0779}.Release|x64.Build.0 = Release|x64
		{D9BABB68-ACEE-428F-BEFE-C0E72FEB0779}.Release|x86.ActiveCfg = Release|Win32
		{D9BABB68-ACEE-428F-BEFE-C0E72FEB0779}.Release|x86.Build.0 = Release|Win32
		{EE8DF10C-9BEA-4B8D-9921-68E186F813CF}.Debug|x64.ActiveCfg = Debug|x64
		{EE8DF10C-9BEA-4B8D-9921-68E186F813CF}.Debug|x64.Build.0 = Debug|x64
		{EE8DF10C-9BEA-4B8D-9921-68E186F813CF}.Debug|x86.ActiveCfg = Debug|Win32
		{EE8DF10C-9BEA-4B8D-9921-68E186F813CF}.Debug|x86.Build.0 = Debug|Win32
		{EE8DF10C-9BEA-4B8D-9921-68E186F813CF}.Release|x64.ActiveCfg = Release|x64
		{EE8DF10C-9BEA-4B8D-9921-68E186F813CF}.Release|x64.Build.0 = Release|x64
		{EE8DF10C-9BEA-4B8D-9921-68E186F813CF}.Release|x86.ActiveCfg = Release|Win32
		{EE8DF10C-9BEA-4B8D-9921-68E186F813CF}.Release|x86.Build.0 = Release|Win32
		{CAF78C56-CAE7-43C5-AACE-FB6489240994}.Debug|x64.ActiveCfg = Debug|x64
		{CAF78C56-CAE7-43C5-AACE-FB6489240994}.Debug|x64.Build.0 = Debug|x64
		{CAF78C56-CAE7-43C5-AACE-FB6489240994}.Debug|x86.ActiveCfg = Debug|Win32
		{CAF78C56-CAE7-43C5-AACE-FB6489240994}.Debug|x86.Build.0 = Debug|Win32
		{CAF78C56-CAE7-43C5-AACE-FB6489240994}.Release|x64.ActiveCfg = Release|x64
		{CAF78C56-CAE7-43C5-AACE-FB6489240994}.Release|x64.Build.0 = Release|x64
		{CAF78C56-CAE7-43C5-AACE-FB6489240994}.Release|x86.ActiveCfg = Release|Win32
		{CAF78C56-CAE7-43C5-AACE-FB6489240994}.Release|x86.Build.0 = Release|Win32
		{D22DC974-7C5F-42CE-8933-5F58B72CB8BA}.Debug|x64.ActiveCfg = Debug|x64
		{D22DC974-7C5F-42CE-8933-5F58B72CB8BA}.Debug|x64.Build.0 = Debug|x64
		{D22DC974-7C5F-42CE-8933-5F58B72CB8BA}.Debug|x86.ActiveCfg = Debug|Win32
		{D22DC974-7C5F-42CE-8933-5F58B72CB8BA}.Debug|x86.Build.0 = Debug|Win32
		{D22DC974-7C5F-42CE-8933-5F58B72CB8BA}.Release|x64.ActiveCfg = Release|x64
		{D22DC974-7C5F-42CE-8933-5F58B72CB8BA}.Release|x64.Build.0 = Release|x64
		{D22DC974-7C5F-42CE-8933-5F58B72CB8BA}.Release|x86.ActiveCfg = Release|Win32
		{D22DC974-7C5F-42CE-8933-5F58B72CB8BA}.Release|x86.Build.0 = Release|Win32
	EndGlobalSection
	GlobalSection(SolutionProperties) = preSolution
		HideSolutionNode = FALSE
	EndGlobalSection
	GlobalSection(ExtensibilityGlobals) = postSolution
		SolutionGuid = {8E1587C5-8BC0-4DE7-82AE-1DEDC159CC94}
	EndGlobalSection
EndGlobal
