<?xml version="1.0" encoding="utf-8"?>
<Project ToolsVersion="4.0" xmlns="http://schemas.microsoft.com/developer/msbuild/2003">
  <ItemGroup>
    <Filter Include="源文件">
      <UniqueIdentifier>{4FC737F1-C7A5-4376-A066-2A32D752A2FF}</UniqueIdentifier>
      <Extensions>cpp;c;cc;cxx;c++;cppm;ixx;def;odl;idl;hpj;bat;asm;asmx</Extensions>
    </Filter>
    <Filter Include="头文件">
      <UniqueIdentifier>{93995380-89BD-4b04-88EB-625FBE52EBFB}</UniqueIdentifier>
      <Extensions>h;hh;hpp;hxx;h++;hm;inl;inc;ipp;xsd</Extensions>
    </Filter>
    <Filter Include="资源文件">
      <UniqueIdentifier>{67DA6AB6-F800-4c08-8B7A-83BB121AAD01}</UniqueIdentifier>
      <Extensions>rc;ico;cur;bmp;dlg;rc2;rct;bin;rgs;gif;jpg;jpeg;jpe;resx;tiff;tif;png;wav;mfcribbon-ms</Extensions>
    </Filter>
    <Filter Include="头文件\SkyModel">
      <UniqueIdentifier>{5a77ba37-e478-461a-99e3-5dcb95cd3484}</UniqueIdentifier>
    </Filter>
    <Filter Include="源文件\SkyModel">
      <UniqueIdentifier>{87044c55-7a69-4fc1-a655-011fab20e041}</UniqueIdentifier>
    </Filter>
    <Filter Include="头文件\Geometry">
      <UniqueIdentifier>{0f9fe8dd-ce24-43de-9e1a-a048c858c520}</UniqueIdentifier>
    </Filter>
    <Filter Include="源文件\Geometry">
      <UniqueIdentifier>{957cc68f-f7ac-491e-803a-c02658b39249}</UniqueIdentifier>
    </Filter>
  </ItemGroup>
  <ItemGroup>
    <ClInclude Include="Vector.h">
      <Filter>头文件</Filter>
    </ClInclude>
    <ClInclude Include="Matrix.h">
      <Filter>头文件</Filter>
    </ClInclude>
    <ClInclude Include="Color.h">
      <Filter>头文件</Filter>
    </ClInclude>
    <ClInclude Include="Quaternion.h">
      <Filter>头文件</Filter>
    </ClInclude>
    <ClInclude Include="Helper.h">
      <Filter>头文件</Filter>
    </ClInclude>
    <ClInclude Include="Frustum.h">
      <Filter>头文件</Filter>
    </ClInclude>
    <ClInclude Include="Halton.h">
      <Filter>头文件</Filter>
    </ClInclude>
    <ClInclude Include="Spectrum.h">
      <Filter>头文件</Filter>
    </ClInclude>
    <ClInclude Include="Common.h">
      <Filter>头文件</Filter>
    </ClInclude>
    <ClInclude Include="ArHosekSkyModel.h">
      <Filter>头文件\SkyModel</Filter>
    </ClInclude>
    <ClInclude Include="ArHosekSkyModelData_CIEXYZ.h">
      <Filter>头文件\SkyModel</Filter>
    </ClInclude>
    <ClInclude Include="ArHosekSkyModelData_RGB.h">
      <Filter>头文件\SkyModel</Filter>
    </ClInclude>
    <ClInclude Include="ArHosekSkyModelData_Spectral.h">
      <Filter>头文件\SkyModel</Filter>
    </ClInclude>
    <ClInclude Include="hosek.h">
      <Filter>头文件\SkyModel</Filter>
    </ClInclude>
    <ClInclude Include="HosekWilkieSkyModel.h">
      <Filter>头文件\SkyModel</Filter>
    </ClInclude>
    <ClInclude Include="Jitter.h">
      <Filter>头文件</Filter>
    </ClInclude>
    <ClInclude Include="Rect.h">
      <Filter>头文件\Geometry</Filter>
    </ClInclude>
    <ClInclude Include="Int.h">
      <Filter>头文件</Filter>
    </ClInclude>
    <ClInclude Include="Scale.h">
      <Filter>头文件</Filter>
    </ClInclude>
  </ItemGroup>
  <ItemGroup>
    <ClCompile Include="Vector.cpp">
      <Filter>源文件</Filter>
    </ClCompile>
    <ClCompile Include="Matrix.cpp">
      <Filter>源文件</Filter>
    </ClCompile>
    <ClCompile Include="Quaternion.cpp">
      <Filter>源文件</Filter>
    </ClCompile>
    <ClCompile Include="Frustum.cpp">
      <Filter>源文件</Filter>
    </ClCompile>
    <ClCompile Include="Halton.cpp">
      <Filter>源文件</Filter>
    </ClCompile>
    <ClCompile Include="Spectrum.cpp">
      <Filter>源文件</Filter>
    </ClCompile>
    <ClCompile Include="hosek.cc">
      <Filter>源文件\SkyModel</Filter>
    </ClCompile>
    <ClCompile Include="ArHosekSkyModel.cc">
      <Filter>源文件\SkyModel</Filter>
    </ClCompile>
    <ClCompile Include="HosekWilkieSkyModel.cpp">
      <Filter>源文件\SkyModel</Filter>
    </ClCompile>
    <ClCompile Include="Jitter.cpp">
      <Filter>源文件</Filter>
    </ClCompile>
    <ClCompile Include="ArHosekSkyModelData_RGB.cpp">
      <Filter>源文件\SkyModel</Filter>
    </ClCompile>
    <ClCompile Include="Rect.cpp">
      <Filter>源文件\Geometry</Filter>
    </ClCompile>
  </ItemGroup>
  <ItemGroup>
    <None Include="Halton.inl">
      <Filter>头文件</Filter>
    </None>
  </ItemGroup>
</Project>