<?xml version="1.0" encoding="utf-8"?>
<Project ToolsVersion="4.0" xmlns="http://schemas.microsoft.com/developer/msbuild/2003">
  <ItemGroup>
    <Filter Include="源文件">
      <UniqueIdentifier>{4FC737F1-C7A5-4376-A066-2A32D752A2FF}</UniqueIdentifier>
      <Extensions>cpp;c;cc;cxx;c++;cppm;ixx;def;odl;idl;hpj;bat;asm;asmx</Extensions>
    </Filter>
    <Filter Include="头文件">
      <UniqueIdentifier>{93995380-89BD-4b04-88EB-625FBE52EBFB}</UniqueIdentifier>
      <Extensions>h;hh;hpp;hxx;h++;hm;inl;inc;ipp;xsd</Extensions>
    </Filter>
    <Filter Include="资源文件">
      <UniqueIdentifier>{67DA6AB6-F800-4c08-8B7A-83BB121AAD01}</UniqueIdentifier>
      <Extensions>rc;ico;cur;bmp;dlg;rc2;rct;bin;rgs;gif;jpg;jpeg;jpe;resx;tiff;tif;png;wav;mfcribbon-ms</Extensions>
    </Filter>
  </ItemGroup>
  <ItemGroup>
    <None Include="Shaders\Editor\AxisPicking.hlsl" />
    <None Include="Shaders\Engine\BackBufferPassTest.hlsl" />
    <None Include="Shaders\Engine\Base\BaseEngineLayout.hlsl" />
    <None Include="Shaders\Engine\Base\Camera.hlsl" />
    <None Include="Shaders\Engine\Base\MainEntryPoint.hlsl" />
    <None Include="Models\Arrow_Picking.fbx" />
    <None Include="Models\Arrow_Rotate.fbx" />
    <None Include="Models\Arrow_Scale.fbx" />
    <None Include="Models\Arrow_Translate.fbx" />
    <None Include="Models\Camera.fbx" />
    <None Include="Models\Cube.fbx" />
    <None Include="Models\Cylinder.fbx" />
    <None Include="Models\Plane.fbx" />
    <None Include="Models\Roll.fbx" />
    <None Include="Models\Sphere.fbx" />
    <None Include="Models\Vertical_Plane.fbx" />
    <None Include="Shaders\Editor\ActorPicking.hlsl" />
  </ItemGroup>
  <ItemGroup>
    <FxCompile Include="Shaders\Editor\AxisRender.hlsl" />
    <FxCompile Include="Shaders\Engine\GPUDrivenTerrain\TerrainBuilder.hlsl" />
    <FxCompile Include="Shaders\Engine\GPUDrivenTerrain\TerrainHelper.hlsl" />
    <FxCompile Include="Shaders\Engine\OutputBackBuffer\OutputBackBuffer.hlsl" />
    <FxCompile Include="Shaders\Engine\GPUDrivenTerrain\TerrainOfflineTask.hlsl" />
    <FxCompile Include="Shaders\Engine\StandardGBufferPass.hlsl" />
    <FxCompile Include="Shaders\Engine\DeferredLight\DeferredLightPass.hlsl" />
    <FxCompile Include="Shaders\Engine\Base\Light.hlsl" />
    <FxCompile Include="Shaders\Engine\Base\BRDFHelper.hlsl" />
    <FxCompile Include="Shaders\Engine\Math\Trig.hlsl" />
    <FxCompile Include="Shaders\Engine\Math\Matrix.hlsl" />
    <FxCompile Include="Shaders\Engine\Base\ShadingCommon.hlsl" />
    <FxCompile Include="Shaders\Engine\RngSeedGenerationPass.hlsl" />
    <FxCompile Include="Shaders\Engine\Math\MathCommon.hlsl" />
    <FxCompile Include="Shaders\Engine\Base\Utils.hlsl" />
    <FxCompile Include="Shaders\Engine\ToneMapping\ToneMappingHelper.hlsl" />
    <FxCompile Include="Shaders\Engine\ToneMapping\ToneMappingPass.hlsl" />
    <FxCompile Include="Shaders\Engine\Base\ColorSpaceConversion.hlsl" />
    <FxCompile Include="Shaders\Engine\Base\Exposure.hlsl" />
    <FxCompile Include="Shaders\Engine\TAA\TAAPass.hlsl" />
    <FxCompile Include="Shaders\Engine\TAA\TAAHelper.hlsl" />
    <FxCompile Include="Shaders\Engine\Base\GroupsharedMemoryHelper.hlsl" />
    <FxCompile Include="Shaders\Engine\VolumetricClouds\VolumetricCloudsPass.hlsl" />
    <FxCompile Include="Shaders\Engine\VolumetricClouds\VolumetricCloudsHelper.hlsl" />
    <FxCompile Include="Shaders\Engine\VolumetricClouds\ShapeNoiseGenerator.hlsl" />
    <FxCompile Include="Shaders\Engine\VolumetricClouds\DetailNoiseGenerator.hlsl" />
    <FxCompile Include="Shaders\Engine\VolumetricClouds\NoiseGeneratorHelper.hlsl" />
    <FxCompile Include="Shaders\Engine\Foliage\FoliageRenderer.hlsl" />
    <FxCompile Include="Shaders\Engine\Foliage\FoliageHelper.hlsl" />
    <FxCompile Include="Shaders\Engine\Foliage\FoliagePlacer.hlsl" />
    <FxCompile Include="Shaders\Engine\Opaque\OpaquePass.hlsl" />
    <FxCompile Include="Shaders\Engine\GPUDrivenTerrain\TerrainRendererNoRVT.hlsl" />
    <FxCompile Include="Shaders\Engine\Base\ThreadGroupTilingX.hlsl" />
    <FxCompile Include="Shaders\Engine\Foliage\FoliageRenderer_ForwardPlus.hlsl" />
    <FxCompile Include="Shaders\Engine\ProceduralGrass\GrassBladeGenerator.hlsl" />
    <FxCompile Include="Shaders\Engine\ProceduralGrass\GrassRenderer.hlsl" />
    <FxCompile Include="Shaders\Engine\ProceduralGrass\GrassHelper.hlsl" />
    <FxCompile Include="Shaders\Engine\ProceduralGrass\ClumpMapGenerator.hlsl" />
    <FxCompile Include="Shaders\Engine\Math\Random.hlsl" />
    <FxCompile Include="Shaders\Engine\Atmosphere\Raymarching.hlsl" />
    <FxCompile Include="Shaders\Engine\Atmosphere\Scattering.hlsl" />
    <FxCompile Include="Shaders\Engine\Atmosphere\AtmosphereHelper.hlsl" />
    <FxCompile Include="Shaders\Engine\Atmosphere\Atmosphere.hlsl" />
    <FxCompile Include="Shaders\Engine\Atmosphere\Skybox.hlsl" />
    <FxCompile Include="Shaders\Engine\Ocean\OceanRenderer.hlsl" />
    <FxCompile Include="Shaders\Engine\Ocean\OceanHelper.hlsl" />
    <FxCompile Include="Shaders\Engine\Ocean\OceanBuilder.hlsl" />
    <FxCompile Include="Shaders\Engine\GPUDrivenTerrain\UpdateRvtLookUpMap.hlsl" />
    <FxCompile Include="Shaders\Engine\GPUDrivenTerrain\RvtHelper.hlsl" />
    <FxCompile Include="Shaders\Engine\GPUDrivenTerrain\UpdateRvtTiledMap.hlsl" />
    <FxCompile Include="Shaders\Engine\GPUDrivenTerrain\TerrainRendererRVT.hlsl" />
    <FxCompile Include="Shaders\Engine\GPUDrivenTerrain\TerrainFeedback.hlsl" />
    <FxCompile Include="Shaders\Engine\UAVClear\TextureUAVClear.hlsl" />
    <FxCompile Include="Shaders\Engine\Opaque\OpaqueCullingPass.hlsl" />
    <FxCompile Include="Shaders\Engine\Opaque\OpaqueHelper.hlsl" />
    <FxCompile Include="Shaders\Engine\ProceduralGrass\GrassBladeBaking.hlsl" />
    <FxCompile Include="Shaders\Engine\ProceduralGrass\BakeGrassBlade.hlsl" />
    <FxCompile Include="Shaders\Engine\ProceduralGrass\CullGrassBlade.hlsl" />
    <FxCompile Include="Shaders\Engine\ProceduralGrass\ProceduralGrassHelper.hlsl" />
    <FxCompile Include="Shaders\Engine\ProceduralGrass\RenderGrassBlade.hlsl" />
    <FxCompile Include="Shaders\Engine\ProceduralGrass\CullGrassCluster.hlsl" />
    <FxCompile Include="Shaders\Engine\DetailObjectSystem\CullClusterNode.hlsl" />
    <FxCompile Include="Shaders\Engine\DetailObjectSystem\CullStaticInstance.hlsl" />
    <FxCompile Include="Shaders\Engine\DetailObjectSystem\RenderStaticInstance.hlsl" />
    <FxCompile Include="Shaders\Engine\DetailObjectSystem\StaticInstanceHelper.hlsl" />
    <FxCompile Include="Shaders\Engine\Base\GBufferHelper.hlsl" />
    <FxCompile Include="Shaders\Engine\Base\GpuData.hlsl" />
    <FxCompile Include="Shaders\Engine\CascadeShadow\CascadeShadowCullingPass.hlsl" />
    <FxCompile Include="Shaders\Engine\CascadeShadow\CascadeShadowPass.hlsl" />
  </ItemGroup>
</Project>