<?xml version="1.0" encoding="utf-8"?>
<Project ToolsVersion="4.0" xmlns="http://schemas.microsoft.com/developer/msbuild/2003">
  <ItemGroup>
    <Filter Include="源文件">
      <UniqueIdentifier>{4FC737F1-C7A5-4376-A066-2A32D752A2FF}</UniqueIdentifier>
      <Extensions>cpp;c;cc;cxx;c++;cppm;ixx;def;odl;idl;hpj;bat;asm;asmx</Extensions>
    </Filter>
    <Filter Include="头文件">
      <UniqueIdentifier>{93995380-89BD-4b04-88EB-625FBE52EBFB}</UniqueIdentifier>
      <Extensions>h;hh;hpp;hxx;h++;hm;inl;inc;ipp;xsd</Extensions>
    </Filter>
    <Filter Include="资源文件">
      <UniqueIdentifier>{67DA6AB6-F800-4c08-8B7A-83BB121AAD01}</UniqueIdentifier>
      <Extensions>rc;ico;cur;bmp;dlg;rc2;rct;bin;rgs;gif;jpg;jpeg;jpe;resx;tiff;tif;png;wav;mfcribbon-ms</Extensions>
    </Filter>
    <Filter Include="头文件\AssetManger">
      <UniqueIdentifier>{0f661359-7f88-4e82-9e00-a7d82dcde769}</UniqueIdentifier>
    </Filter>
    <Filter Include="源文件\AssetManger">
      <UniqueIdentifier>{b6ca0843-133d-4d83-a7d9-8e86e005aa2c}</UniqueIdentifier>
    </Filter>
    <Filter Include="源文件\Test">
      <UniqueIdentifier>{e2c9e151-24c2-48c3-8a93-43e9e7fba76e}</UniqueIdentifier>
    </Filter>
    <Filter Include="头文件\Components">
      <UniqueIdentifier>{e080df25-55cd-458f-9078-754cdc08f51a}</UniqueIdentifier>
    </Filter>
    <Filter Include="头文件\Scene">
      <UniqueIdentifier>{65bb13a7-f640-4cf5-a3e3-a1caec7e26f6}</UniqueIdentifier>
    </Filter>
    <Filter Include="源文件\Scene">
      <UniqueIdentifier>{32727e6b-fbb3-48ac-b2a4-749f01471e03}</UniqueIdentifier>
    </Filter>
    <Filter Include="头文件\GlobalService">
      <UniqueIdentifier>{630a525f-9c48-4e58-b101-8277212e6408}</UniqueIdentifier>
    </Filter>
  </ItemGroup>
  <ItemGroup>
    <ClInclude Include="ServiceLocator.h">
      <Filter>头文件\GlobalService</Filter>
    </ClInclude>
    <ClInclude Include="Scene.h">
      <Filter>头文件\Scene</Filter>
    </ClInclude>
    <ClInclude Include="SceneManger.h">
      <Filter>头文件\Scene</Filter>
    </ClInclude>
    <ClInclude Include="FooComponent.h">
      <Filter>头文件\Components</Filter>
    </ClInclude>
    <ClInclude Include="AssetPathDataBase.h">
      <Filter>头文件\AssetManger</Filter>
    </ClInclude>
    <ClInclude Include="Actor.h">
      <Filter>头文件\Scene</Filter>
    </ClInclude>
    <ClInclude Include="EditorAssetManger.h">
      <Filter>头文件\AssetManger</Filter>
    </ClInclude>
  </ItemGroup>
  <ItemGroup>
    <ClCompile Include="CoreTest.cpp">
      <Filter>源文件\Test</Filter>
    </ClCompile>
    <ClCompile Include="Scene.cpp">
      <Filter>源文件\Scene</Filter>
    </ClCompile>
    <ClCompile Include="SceneManger.cpp">
      <Filter>源文件\Scene</Filter>
    </ClCompile>
    <ClCompile Include="AssetPathDataBase.cpp">
      <Filter>源文件\AssetManger</Filter>
    </ClCompile>
    <ClCompile Include="Actor.cpp">
      <Filter>源文件\Scene</Filter>
    </ClCompile>
    <ClCompile Include="EditorAssetManger.cpp">
      <Filter>源文件\AssetManger</Filter>
    </ClCompile>
  </ItemGroup>
  <ItemGroup>
    <None Include="TestRapidjson.json">
      <Filter>源文件\Test</Filter>
    </None>
    <None Include="TestScenejson.json">
      <Filter>源文件\Test</Filter>
    </None>
    <None Include="TestDeserializeSceneOutput.json">
      <Filter>源文件\Test</Filter>
    </None>
    <None Include="Actor.inl">
      <Filter>头文件\Scene</Filter>
    </None>
  </ItemGroup>
</Project>