<?xml version="1.0" encoding="utf-8"?>
<Project ToolsVersion="4.0" xmlns="http://schemas.microsoft.com/developer/msbuild/2003">
  <ItemGroup>
    <Filter Include="源文件">
      <UniqueIdentifier>{4FC737F1-C7A5-4376-A066-2A32D752A2FF}</UniqueIdentifier>
      <Extensions>cpp;c;cc;cxx;c++;cppm;ixx;def;odl;idl;hpj;bat;asm;asmx</Extensions>
    </Filter>
    <Filter Include="头文件">
      <UniqueIdentifier>{93995380-89BD-4b04-88EB-625FBE52EBFB}</UniqueIdentifier>
      <Extensions>h;hh;hpp;hxx;h++;hm;inl;inc;ipp;xsd</Extensions>
    </Filter>
    <Filter Include="资源文件">
      <UniqueIdentifier>{67DA6AB6-F800-4c08-8B7A-83BB121AAD01}</UniqueIdentifier>
      <Extensions>rc;ico;cur;bmp;dlg;rc2;rct;bin;rgs;gif;jpg;jpeg;jpe;resx;tiff;tif;png;wav;mfcribbon-ms</Extensions>
    </Filter>
    <Filter Include="头文件\ECS">
      <UniqueIdentifier>{9a26acd0-f35e-4cda-b54d-8d009564e169}</UniqueIdentifier>
    </Filter>
    <Filter Include="源文件\ECS">
      <UniqueIdentifier>{e32d6ea1-56a1-4852-b3d1-092d4d22c372}</UniqueIdentifier>
    </Filter>
    <Filter Include="头文件\Asset">
      <UniqueIdentifier>{c41b60c9-d2d1-4522-8971-d9ded01e4b98}</UniqueIdentifier>
    </Filter>
    <Filter Include="源文件\Asset">
      <UniqueIdentifier>{b0643cfe-cd4f-4736-82df-51b38473aeae}</UniqueIdentifier>
    </Filter>
    <Filter Include="头文件\Interface">
      <UniqueIdentifier>{2913a84f-903f-4de8-a38d-d195d7cdf121}</UniqueIdentifier>
    </Filter>
    <Filter Include="头文件\Global">
      <UniqueIdentifier>{630a525f-9c48-4e58-b101-8277212e6408}</UniqueIdentifier>
    </Filter>
    <Filter Include="头文件\AssetManger">
      <UniqueIdentifier>{0f661359-7f88-4e82-9e00-a7d82dcde769}</UniqueIdentifier>
    </Filter>
    <Filter Include="源文件\AssetManger">
      <UniqueIdentifier>{b6ca0843-133d-4d83-a7d9-8e86e005aa2c}</UniqueIdentifier>
    </Filter>
    <Filter Include="头文件\Asset\Loader">
      <UniqueIdentifier>{6a12bc09-4088-4eb9-b70d-eedb053431a6}</UniqueIdentifier>
    </Filter>
    <Filter Include="源文件\Asset\Loader">
      <UniqueIdentifier>{4260cf03-8f30-4d39-8ba2-ab99984c851f}</UniqueIdentifier>
    </Filter>
    <Filter Include="源文件\Test">
      <UniqueIdentifier>{e2c9e151-24c2-48c3-8a93-43e9e7fba76e}</UniqueIdentifier>
    </Filter>
    <Filter Include="头文件\TaskSystem">
      <UniqueIdentifier>{c96b00a2-aabf-4bb2-83c5-b296276e6fa9}</UniqueIdentifier>
    </Filter>
    <Filter Include="源文件\TaskSystem">
      <UniqueIdentifier>{6a19ae51-38b1-4393-b2c4-9a821977dcf4}</UniqueIdentifier>
    </Filter>
    <Filter Include="头文件\ECS\Components">
      <UniqueIdentifier>{e080df25-55cd-458f-9078-754cdc08f51a}</UniqueIdentifier>
    </Filter>
    <Filter Include="源文件\ECS\Components">
      <UniqueIdentifier>{4fb906b8-4d4b-4225-909d-ccf86dbe01a2}</UniqueIdentifier>
    </Filter>
    <Filter Include="头文件\SceneManger">
      <UniqueIdentifier>{65bb13a7-f640-4cf5-a3e3-a1caec7e26f6}</UniqueIdentifier>
    </Filter>
    <Filter Include="源文件\SceneManger">
      <UniqueIdentifier>{32727e6b-fbb3-48ac-b2a4-749f01471e03}</UniqueIdentifier>
    </Filter>
  </ItemGroup>
  <ItemGroup>
    <ClInclude Include="ServiceLocator.h">
      <Filter>头文件\Global</Filter>
    </ClInclude>
    <ClInclude Include="TextureManger.h">
      <Filter>头文件\AssetManger</Filter>
    </ClInclude>
    <ClInclude Include="IAssetManger.h">
      <Filter>头文件\AssetManger</Filter>
    </ClInclude>
    <ClInclude Include="IAsset.h">
      <Filter>头文件\Asset</Filter>
    </ClInclude>
    <ClInclude Include="Texture.h">
      <Filter>头文件\Asset</Filter>
    </ClInclude>
    <ClInclude Include="TextureLoader.h">
      <Filter>头文件\Asset\Loader</Filter>
    </ClInclude>
    <ClInclude Include="Metatype.h">
      <Filter>头文件\ECS</Filter>
    </ClInclude>
    <ClInclude Include="Archetype.h">
      <Filter>头文件\ECS</Filter>
    </ClInclude>
    <ClInclude Include="Entity.h">
      <Filter>头文件\ECS</Filter>
    </ClInclude>
    <ClInclude Include="ThreadPool.h">
      <Filter>头文件\TaskSystem</Filter>
    </ClInclude>
    <ClInclude Include="TaskSystem.h">
      <Filter>头文件\TaskSystem</Filter>
    </ClInclude>
    <ClInclude Include="TaskProxy.h">
      <Filter>头文件\TaskSystem</Filter>
    </ClInclude>
    <ClInclude Include="Actor.h">
      <Filter>头文件\ECS</Filter>
    </ClInclude>
    <ClInclude Include="IComponent.h">
      <Filter>头文件\ECS\Components</Filter>
    </ClInclude>
    <ClInclude Include="IInspectorItem.h">
      <Filter>头文件\ECS\Components</Filter>
    </ClInclude>
    <ClInclude Include="Transform.h">
      <Filter>头文件\ECS\Components</Filter>
    </ClInclude>
    <ClInclude Include="Scene.h">
      <Filter>头文件\SceneManger</Filter>
    </ClInclude>
    <ClInclude Include="SceneManger.h">
      <Filter>头文件\SceneManger</Filter>
    </ClInclude>
    <ClInclude Include="FooComponent.h">
      <Filter>头文件\ECS\Components</Filter>
    </ClInclude>
    <ClInclude Include="AssetPathDataBase.h">
      <Filter>头文件\AssetManger</Filter>
    </ClInclude>
  </ItemGroup>
  <ItemGroup>
    <ClCompile Include="TextureManger.cpp">
      <Filter>源文件\AssetManger</Filter>
    </ClCompile>
    <ClCompile Include="TextureLoader.cpp">
      <Filter>源文件\Asset\Loader</Filter>
    </ClCompile>
    <ClCompile Include="Archetype.cpp">
      <Filter>源文件\ECS</Filter>
    </ClCompile>
    <ClCompile Include="CoreTest.cpp">
      <Filter>源文件\Test</Filter>
    </ClCompile>
    <ClCompile Include="Entity.cpp">
      <Filter>源文件\ECS</Filter>
    </ClCompile>
    <ClCompile Include="ThreadPool.cpp">
      <Filter>源文件\TaskSystem</Filter>
    </ClCompile>
    <ClCompile Include="TaskSystem.cpp">
      <Filter>源文件\TaskSystem</Filter>
    </ClCompile>
    <ClCompile Include="TaskProxy.cpp">
      <Filter>源文件\TaskSystem</Filter>
    </ClCompile>
    <ClCompile Include="Actor.cpp">
      <Filter>源文件\ECS</Filter>
    </ClCompile>
    <ClCompile Include="Transform.cpp">
      <Filter>源文件\ECS\Components</Filter>
    </ClCompile>
    <ClCompile Include="Scene.cpp">
      <Filter>源文件\SceneManger</Filter>
    </ClCompile>
    <ClCompile Include="SceneManger.cpp">
      <Filter>源文件\SceneManger</Filter>
    </ClCompile>
    <ClCompile Include="AssetPathDataBase.cpp">
      <Filter>源文件\AssetManger</Filter>
    </ClCompile>
    <ClCompile Include="Texture.cpp">
      <Filter>源文件\Asset</Filter>
    </ClCompile>
  </ItemGroup>
  <ItemGroup>
    <None Include="Metatype.inl">
      <Filter>头文件\ECS</Filter>
    </None>
    <None Include="Entity.inl">
      <Filter>头文件\ECS</Filter>
    </None>
    <None Include="Actor.inl">
      <Filter>头文件\ECS</Filter>
    </None>
    <None Include="TestRapidjson.json">
      <Filter>源文件\Test</Filter>
    </None>
    <None Include="TestScenejson.json">
      <Filter>源文件\Test</Filter>
    </None>
    <None Include="IAssetManger.inl">
      <Filter>头文件\AssetManger</Filter>
    </None>
    <None Include="TestDeserializeSceneOutput.json">
      <Filter>源文件\Test</Filter>
    </None>
  </ItemGroup>
</Project>