<?xml version="1.0" encoding="utf-8"?>
<Project ToolsVersion="4.0" xmlns="http://schemas.microsoft.com/developer/msbuild/2003">
  <ItemGroup>
    <Filter Include="源文件">
      <UniqueIdentifier>{4FC737F1-C7A5-4376-A066-2A32D752A2FF}</UniqueIdentifier>
      <Extensions>cpp;c;cc;cxx;c++;cppm;ixx;def;odl;idl;hpj;bat;asm;asmx</Extensions>
    </Filter>
    <Filter Include="头文件">
      <UniqueIdentifier>{93995380-89BD-4b04-88EB-625FBE52EBFB}</UniqueIdentifier>
      <Extensions>h;hh;hpp;hxx;h++;hm;inl;inc;ipp;xsd</Extensions>
    </Filter>
    <Filter Include="资源文件">
      <UniqueIdentifier>{67DA6AB6-F800-4c08-8B7A-83BB121AAD01}</UniqueIdentifier>
      <Extensions>rc;ico;cur;bmp;dlg;rc2;rct;bin;rgs;gif;jpg;jpeg;jpe;resx;tiff;tif;png;wav;mfcribbon-ms</Extensions>
    </Filter>
    <Filter Include="头文件\Components">
      <UniqueIdentifier>{9fced5be-98ff-4a13-b5de-40676be3c36a}</UniqueIdentifier>
    </Filter>
  </ItemGroup>
  <ItemGroup>
    <ClInclude Include="Archetype.h">
      <Filter>头文件</Filter>
    </ClInclude>
    <ClInclude Include="Metatype.h">
      <Filter>头文件</Filter>
    </ClInclude>
    <ClInclude Include="Entity.h">
      <Filter>头文件</Filter>
    </ClInclude>
    <ClInclude Include="IComponent.h">
      <Filter>头文件</Filter>
    </ClInclude>
    <ClInclude Include="CCamera.h">
      <Filter>头文件\Components</Filter>
    </ClInclude>
    <ClInclude Include="CMeshRenderer.h">
      <Filter>头文件\Components</Filter>
    </ClInclude>
    <ClInclude Include="CTransform.h">
      <Filter>头文件\Components</Filter>
    </ClInclude>
    <ClInclude Include="CLight.h">
      <Filter>头文件\Components</Filter>
    </ClInclude>
    <ClInclude Include="CTerrainRender.h">
      <Filter>头文件\Components</Filter>
    </ClInclude>
  </ItemGroup>
  <ItemGroup>
    <None Include="Metatype.inl">
      <Filter>头文件</Filter>
    </None>
    <None Include="Entity.inl">
      <Filter>头文件</Filter>
    </None>
  </ItemGroup>
  <ItemGroup>
    <ClCompile Include="Archetype.cpp">
      <Filter>源文件</Filter>
    </ClCompile>
    <ClCompile Include="Entity.cpp">
      <Filter>源文件</Filter>
    </ClCompile>
    <ClCompile Include="ECSTest.cpp">
      <Filter>资源文件</Filter>
    </ClCompile>
  </ItemGroup>
</Project>