<?xml version="1.0" encoding="utf-8"?>
<Project ToolsVersion="4.0" xmlns="http://schemas.microsoft.com/developer/msbuild/2003">
  <ItemGroup>
    <Filter Include="源文件">
      <UniqueIdentifier>{4FC737F1-C7A5-4376-A066-2A32D752A2FF}</UniqueIdentifier>
      <Extensions>cpp;c;cc;cxx;c++;cppm;ixx;def;odl;idl;hpj;bat;asm;asmx</Extensions>
    </Filter>
    <Filter Include="头文件">
      <UniqueIdentifier>{93995380-89BD-4b04-88EB-625FBE52EBFB}</UniqueIdentifier>
      <Extensions>h;hh;hpp;hxx;h++;hm;inl;inc;ipp;xsd</Extensions>
    </Filter>
    <Filter Include="资源文件">
      <UniqueIdentifier>{67DA6AB6-F800-4c08-8B7A-83BB121AAD01}</UniqueIdentifier>
      <Extensions>rc;ico;cur;bmp;dlg;rc2;rct;bin;rgs;gif;jpg;jpeg;jpe;resx;tiff;tif;png;wav;mfcribbon-ms</Extensions>
    </Filter>
    <Filter Include="头文件\Core">
      <UniqueIdentifier>{436efbee-b257-4ea3-9de3-e1b034cc624a}</UniqueIdentifier>
    </Filter>
    <Filter Include="源文件\Core">
      <UniqueIdentifier>{8368c287-83a0-4e33-87f2-afd337e29c0e}</UniqueIdentifier>
    </Filter>
    <Filter Include="头文件\Panels">
      <UniqueIdentifier>{565af572-b1ab-4e1c-bb71-762f67e8a01c}</UniqueIdentifier>
    </Filter>
    <Filter Include="源文件\Panels">
      <UniqueIdentifier>{a09c69b0-7e9c-4851-be07-b537214af60f}</UniqueIdentifier>
    </Filter>
    <Filter Include="源文件\Test">
      <UniqueIdentifier>{a34e3130-0700-46ae-8a78-39d576113732}</UniqueIdentifier>
    </Filter>
    <Filter Include="头文件\Panels\ShaderEditor">
      <UniqueIdentifier>{2779d17a-317c-4078-b217-78eeeba48740}</UniqueIdentifier>
    </Filter>
    <Filter Include="源文件\Panels\ShaderEditor">
      <UniqueIdentifier>{3599e355-f0cb-4a30-ade9-a77e0e35babf}</UniqueIdentifier>
    </Filter>
    <Filter Include="头文件\Panels\AssetBrowser">
      <UniqueIdentifier>{a3470c05-8473-4fef-93df-bd3910b685a7}</UniqueIdentifier>
    </Filter>
    <Filter Include="源文件\Panels\AssetBrowser">
      <UniqueIdentifier>{fd3db230-dadd-4358-957d-7d880a4ef313}</UniqueIdentifier>
    </Filter>
    <Filter Include="头文件\Panels\Hierarchy">
      <UniqueIdentifier>{3288826f-8212-4866-bc65-046e976f1988}</UniqueIdentifier>
    </Filter>
    <Filter Include="源文件\Panels\Hierarchy">
      <UniqueIdentifier>{68396275-776c-4a6b-9b97-ca9314e15da3}</UniqueIdentifier>
    </Filter>
    <Filter Include="源文件\Panels\SceneView">
      <UniqueIdentifier>{84688f26-6e5a-4ed9-80c6-6c1e4170c1de}</UniqueIdentifier>
    </Filter>
    <Filter Include="头文件\Panels\SceneView">
      <UniqueIdentifier>{6d606afc-4e49-4329-9afd-e676157120d6}</UniqueIdentifier>
    </Filter>
    <Filter Include="头文件\Panels\Inspector">
      <UniqueIdentifier>{5e2fbab9-fd4a-4d9d-af36-04878b35ee5b}</UniqueIdentifier>
    </Filter>
    <Filter Include="源文件\Panels\Inspector">
      <UniqueIdentifier>{1da47d7a-e365-405b-b6d0-d79583b64241}</UniqueIdentifier>
    </Filter>
  </ItemGroup>
  <ItemGroup>
    <ClInclude Include="Editor.h">
      <Filter>头文件\Core</Filter>
    </ClInclude>
    <ClInclude Include="Application.h">
      <Filter>头文件\Core</Filter>
    </ClInclude>
    <ClInclude Include="Context.h">
      <Filter>头文件\Core</Filter>
    </ClInclude>
    <ClInclude Include="MainMenuBar.h">
      <Filter>头文件\Panels</Filter>
    </ClInclude>
    <ClInclude Include="Graph.h">
      <Filter>头文件\Panels\ShaderEditor</Filter>
    </ClInclude>
    <ClInclude Include="ISupportUndo.h">
      <Filter>头文件\Panels\ShaderEditor</Filter>
    </ClInclude>
    <ClInclude Include="MathNode.h">
      <Filter>头文件\Panels\ShaderEditor</Filter>
    </ClInclude>
    <ClInclude Include="Node.h">
      <Filter>头文件\Panels\ShaderEditor</Filter>
    </ClInclude>
    <ClInclude Include="ShaderEditor.h">
      <Filter>头文件\Panels\ShaderEditor</Filter>
    </ClInclude>
    <ClInclude Include="VariableNode.h">
      <Filter>头文件\Panels\ShaderEditor</Filter>
    </ClInclude>
    <ClInclude Include="Pin.h">
      <Filter>头文件\Panels\ShaderEditor</Filter>
    </ClInclude>
    <ClInclude Include="Link.h">
      <Filter>头文件\Panels\ShaderEditor</Filter>
    </ClInclude>
    <ClInclude Include="AssetBrowser.h">
      <Filter>头文件\Panels\AssetBrowser</Filter>
    </ClInclude>
    <ClInclude Include="BrowserItem.h">
      <Filter>头文件\Panels\AssetBrowser</Filter>
    </ClInclude>
    <ClInclude Include="FolderItem.h">
      <Filter>头文件\Panels\AssetBrowser</Filter>
    </ClInclude>
    <ClInclude Include="FileItem.h">
      <Filter>头文件\Panels\AssetBrowser</Filter>
    </ClInclude>
    <ClInclude Include="BrowserItemContextualMenu.h">
      <Filter>头文件\Panels\AssetBrowser</Filter>
    </ClInclude>
    <ClInclude Include="FolderItemContextualMenu.h">
      <Filter>头文件\Panels\AssetBrowser</Filter>
    </ClInclude>
    <ClInclude Include="FileItemContextualMenu.h">
      <Filter>头文件\Panels\AssetBrowser</Filter>
    </ClInclude>
    <ClInclude Include="SceneView.h">
      <Filter>头文件\Panels\SceneView</Filter>
    </ClInclude>
    <ClInclude Include="Hierarchy.h">
      <Filter>头文件\Panels\Hierarchy</Filter>
    </ClInclude>
    <ClInclude Include="HierarchyContextualMenu.h">
      <Filter>头文件\Panels\Hierarchy</Filter>
    </ClInclude>
    <ClInclude Include="HierarchyItem.h">
      <Filter>头文件\Panels\Hierarchy</Filter>
    </ClInclude>
    <ClInclude Include="Inspector.h">
      <Filter>头文件\Panels\Inspector</Filter>
    </ClInclude>
  </ItemGroup>
  <ItemGroup>
    <ClCompile Include="Editor.cpp">
      <Filter>源文件\Core</Filter>
    </ClCompile>
    <ClCompile Include="Application.cpp">
      <Filter>源文件\Core</Filter>
    </ClCompile>
    <ClCompile Include="Context.cpp">
      <Filter>源文件\Core</Filter>
    </ClCompile>
    <ClCompile Include="appTest.cpp">
      <Filter>源文件\Test</Filter>
    </ClCompile>
    <ClCompile Include="MainMenuBar.cpp">
      <Filter>源文件\Panels</Filter>
    </ClCompile>
    <ClCompile Include="VariableNode.cpp">
      <Filter>源文件\Panels\ShaderEditor</Filter>
    </ClCompile>
    <ClCompile Include="Graph.cpp">
      <Filter>源文件\Panels\ShaderEditor</Filter>
    </ClCompile>
    <ClCompile Include="ISupportUndo.cpp">
      <Filter>源文件\Panels\ShaderEditor</Filter>
    </ClCompile>
    <ClCompile Include="MathNode.cpp">
      <Filter>源文件\Panels\ShaderEditor</Filter>
    </ClCompile>
    <ClCompile Include="Node.cpp">
      <Filter>源文件\Panels\ShaderEditor</Filter>
    </ClCompile>
    <ClCompile Include="ShaderEditor.cpp">
      <Filter>源文件\Panels\ShaderEditor</Filter>
    </ClCompile>
    <ClCompile Include="Pin.cpp">
      <Filter>源文件\Panels\ShaderEditor</Filter>
    </ClCompile>
    <ClCompile Include="Link.cpp">
      <Filter>源文件\Panels\ShaderEditor</Filter>
    </ClCompile>
    <ClCompile Include="AssetBrowser.cpp">
      <Filter>源文件\Panels\AssetBrowser</Filter>
    </ClCompile>
    <ClCompile Include="BrowserItem.cpp">
      <Filter>源文件\Panels\AssetBrowser</Filter>
    </ClCompile>
    <ClCompile Include="FolderItem.cpp">
      <Filter>源文件\Panels\AssetBrowser</Filter>
    </ClCompile>
    <ClCompile Include="FileItem.cpp">
      <Filter>源文件\Panels\AssetBrowser</Filter>
    </ClCompile>
    <ClCompile Include="BrowserItemContextualMenu.cpp">
      <Filter>源文件\Panels\AssetBrowser</Filter>
    </ClCompile>
    <ClCompile Include="FolderItemContextualMenu.cpp">
      <Filter>源文件\Panels\AssetBrowser</Filter>
    </ClCompile>
    <ClCompile Include="FileItemContextualMenu.cpp">
      <Filter>源文件\Panels\AssetBrowser</Filter>
    </ClCompile>
    <ClCompile Include="SceneView.cpp">
      <Filter>源文件\Panels\SceneView</Filter>
    </ClCompile>
    <ClCompile Include="Hierarchy.cpp">
      <Filter>源文件\Panels\Hierarchy</Filter>
    </ClCompile>
    <ClCompile Include="HierarchyContextualMenu.cpp">
      <Filter>源文件\Panels\Hierarchy</Filter>
    </ClCompile>
    <ClCompile Include="HierarchyItem.cpp">
      <Filter>源文件\Panels\Hierarchy</Filter>
    </ClCompile>
    <ClCompile Include="Inspector.cpp">
      <Filter>源文件\Panels\Inspector</Filter>
    </ClCompile>
  </ItemGroup>
  <ItemGroup>
    <None Include="imgui.ini" />
  </ItemGroup>
  <ItemGroup>
    <Text Include="一些想法.txt">
      <Filter>源文件</Filter>
    </Text>
  </ItemGroup>
</Project>