<?xml version="1.0" encoding="utf-8"?>
<Project ToolsVersion="4.0" xmlns="http://schemas.microsoft.com/developer/msbuild/2003">
  <ItemGroup>
    <Filter Include="源文件">
      <UniqueIdentifier>{4FC737F1-C7A5-4376-A066-2A32D752A2FF}</UniqueIdentifier>
      <Extensions>cpp;c;cc;cxx;c++;cppm;ixx;def;odl;idl;hpj;bat;asm;asmx</Extensions>
    </Filter>
    <Filter Include="头文件">
      <UniqueIdentifier>{93995380-89BD-4b04-88EB-625FBE52EBFB}</UniqueIdentifier>
      <Extensions>h;hh;hpp;hxx;h++;hm;inl;inc;ipp;xsd</Extensions>
    </Filter>
    <Filter Include="资源文件">
      <UniqueIdentifier>{67DA6AB6-F800-4c08-8B7A-83BB121AAD01}</UniqueIdentifier>
      <Extensions>rc;ico;cur;bmp;dlg;rc2;rct;bin;rgs;gif;jpg;jpeg;jpe;resx;tiff;tif;png;wav;mfcribbon-ms</Extensions>
    </Filter>
    <Filter Include="头文件\Allocator">
      <UniqueIdentifier>{90c0f4ee-274a-45ad-b29f-e6838306298a}</UniqueIdentifier>
    </Filter>
    <Filter Include="源文件\Allocator">
      <UniqueIdentifier>{b6ed14f2-de6c-4002-9c0b-9eea0f359ff8}</UniqueIdentifier>
    </Filter>
    <Filter Include="头文件\Renderer">
      <UniqueIdentifier>{73b2e5dd-c960-4861-8ef0-d5a4550fb04d}</UniqueIdentifier>
    </Filter>
    <Filter Include="源文件\Renderer">
      <UniqueIdentifier>{56b156e3-2002-4f43-b381-b2c4a2752d85}</UniqueIdentifier>
    </Filter>
    <Filter Include="头文件\Resource">
      <UniqueIdentifier>{405a055a-098c-450f-b518-f8fc6637105f}</UniqueIdentifier>
    </Filter>
    <Filter Include="源文件\Resource">
      <UniqueIdentifier>{aec3f8f6-d3cd-4327-acf2-e460e515cb5c}</UniqueIdentifier>
    </Filter>
    <Filter Include="头文件\Manger">
      <UniqueIdentifier>{a2954feb-6283-4118-9ffd-3a72fa95b638}</UniqueIdentifier>
    </Filter>
    <Filter Include="源文件\Manger">
      <UniqueIdentifier>{d8ae3728-5dd9-4a9e-9853-7b87eefb335c}</UniqueIdentifier>
    </Filter>
    <Filter Include="头文件\Renderer\RenderGraph">
      <UniqueIdentifier>{85499a4a-2dd1-4d14-bf3f-25a5393cf526}</UniqueIdentifier>
    </Filter>
    <Filter Include="源文件\Renderer\RenderGraph">
      <UniqueIdentifier>{d87516bd-85da-4a84-9907-ef7ede062a5f}</UniqueIdentifier>
    </Filter>
    <Filter Include="源文件\Test">
      <UniqueIdentifier>{702e69b4-0e7c-476d-99e3-10a7b7b5829a}</UniqueIdentifier>
    </Filter>
    <Filter Include="头文件\Renderer\RenderPass">
      <UniqueIdentifier>{d710d21e-c5d8-49f2-ace7-2ad84a1ebec3}</UniqueIdentifier>
    </Filter>
    <Filter Include="源文件\Renderer\RenderPass">
      <UniqueIdentifier>{2d48d8fc-12d1-4594-9fb5-a35db837f511}</UniqueIdentifier>
    </Filter>
    <Filter Include="头文件\GPUData">
      <UniqueIdentifier>{da1d3731-8b6f-46cf-9de5-84c56f76e5c1}</UniqueIdentifier>
    </Filter>
    <Filter Include="头文件\Renderer\StreamTextureSystem">
      <UniqueIdentifier>{1892b8e1-e51d-4c02-957e-25b45205950f}</UniqueIdentifier>
    </Filter>
    <Filter Include="源文件\Renderer\StreamTextureSystem">
      <UniqueIdentifier>{d6cf5766-f277-4f3f-a951-eb9930212be0}</UniqueIdentifier>
    </Filter>
    <Filter Include="源文件\Uploader">
      <UniqueIdentifier>{7c24d7a0-4b48-4944-9a9b-eb6a47d7e5c9}</UniqueIdentifier>
    </Filter>
    <Filter Include="头文件\Uploader">
      <UniqueIdentifier>{9c08e0a5-ef86-4ebf-9611-ffa6fc69c49a}</UniqueIdentifier>
    </Filter>
    <Filter Include="头文件\OfflineTaskHepler">
      <UniqueIdentifier>{cde3fb0c-b36d-483c-8684-7d0d166c6551}</UniqueIdentifier>
    </Filter>
    <Filter Include="源文件\OfflineTaskHelper">
      <UniqueIdentifier>{dcf5abf5-2edf-4349-b87e-aa24d75c9937}</UniqueIdentifier>
    </Filter>
  </ItemGroup>
  <ItemGroup>
    <ClInclude Include="BuddyHeapAllocator.h">
      <Filter>头文件\Allocator</Filter>
    </ClInclude>
    <ClInclude Include="PoolDescriptorAllocator.h">
      <Filter>头文件\Allocator</Filter>
    </ClInclude>
    <ClInclude Include="PoolCommandListAllocator.h">
      <Filter>头文件\Allocator</Filter>
    </ClInclude>
    <ClInclude Include="SegregatedPoolHeapAllocator.h">
      <Filter>头文件\Allocator</Filter>
    </ClInclude>
    <ClInclude Include="Buffer.h">
      <Filter>头文件\Resource</Filter>
    </ClInclude>
    <ClInclude Include="Texture.h">
      <Filter>头文件\Resource</Filter>
    </ClInclude>
    <ClInclude Include="ResourceAllocator.h">
      <Filter>头文件\Allocator</Filter>
    </ClInclude>
    <ClInclude Include="LinearBufferAllocator.h">
      <Filter>头文件\Allocator</Filter>
    </ClInclude>
    <ClInclude Include="RenderEngine.h">
      <Filter>头文件\Renderer</Filter>
    </ClInclude>
    <ClInclude Include="ShaderManger.h">
      <Filter>头文件\Manger</Filter>
    </ClInclude>
    <ClInclude Include="GPUProfiler.h">
      <Filter>头文件\Manger</Filter>
    </ClInclude>
    <ClInclude Include="Shader.h">
      <Filter>头文件\Resource</Filter>
    </ClInclude>
    <ClInclude Include="Material.h">
      <Filter>头文件\Resource</Filter>
    </ClInclude>
    <ClInclude Include="RenderGraph.h">
      <Filter>头文件\Renderer\RenderGraph</Filter>
    </ClInclude>
    <ClInclude Include="RenderGraphBuilder.h">
      <Filter>头文件\Renderer\RenderGraph</Filter>
    </ClInclude>
    <ClInclude Include="RenderGraphPass.h">
      <Filter>头文件\Renderer\RenderGraph</Filter>
    </ClInclude>
    <ClInclude Include="RenderGraphResource.h">
      <Filter>头文件\Renderer\RenderGraph</Filter>
    </ClInclude>
    <ClInclude Include="RenderGraphResourceStorage.h">
      <Filter>头文件\Renderer\RenderGraph</Filter>
    </ClInclude>
    <ClInclude Include="ResourceFormat.h">
      <Filter>头文件\Resource</Filter>
    </ClInclude>
    <ClInclude Include="MemoryAliasingHelper.h">
      <Filter>头文件\Renderer\RenderGraph</Filter>
    </ClInclude>
    <ClInclude Include="RenderGraphItem.h">
      <Filter>头文件\Renderer\RenderGraph</Filter>
    </ClInclude>
    <ClInclude Include="RenderGraphResourceID.h">
      <Filter>头文件\Renderer\RenderGraph</Filter>
    </ClInclude>
    <ClInclude Include="RenderGraphResourceProperties.h">
      <Filter>头文件\Renderer\RenderGraph</Filter>
    </ClInclude>
    <ClInclude Include="GBufferPass.h">
      <Filter>头文件\Renderer\RenderPass</Filter>
    </ClInclude>
    <ClInclude Include="DeferredLightPass.h">
      <Filter>头文件\Renderer\RenderPass</Filter>
    </ClInclude>
    <ClInclude Include="FinalBarrierPass.h">
      <Filter>头文件\Renderer\RenderPass</Filter>
    </ClInclude>
    <ClInclude Include="Resource.h">
      <Filter>头文件\Resource</Filter>
    </ClInclude>
    <ClInclude Include="ResourceStateTracker.h">
      <Filter>头文件\Manger</Filter>
    </ClInclude>
    <ClInclude Include="RootConstantsPerFrame.h">
      <Filter>头文件\GPUData</Filter>
    </ClInclude>
    <ClInclude Include="GPUData.h">
      <Filter>头文件\GPUData</Filter>
    </ClInclude>
    <ClInclude Include="RingFrameTracker.h">
      <Filter>头文件\Manger</Filter>
    </ClInclude>
    <ClInclude Include="StreamTexture.h">
      <Filter>头文件\Renderer\StreamTextureSystem</Filter>
    </ClInclude>
    <ClInclude Include="StreamTextureManger.h">
      <Filter>头文件\Renderer\StreamTextureSystem</Filter>
    </ClInclude>
    <ClInclude Include="DataUploader.h">
      <Filter>头文件\Renderer\StreamTextureSystem</Filter>
    </ClInclude>
    <ClInclude Include="TileUpdater.h">
      <Filter>头文件\Renderer\StreamTextureSystem</Filter>
    </ClInclude>
    <ClInclude Include="XeTextureFormat.h">
      <Filter>头文件\Renderer\StreamTextureSystem</Filter>
    </ClInclude>
    <ClInclude Include="FileHandle.h">
      <Filter>头文件\Renderer\StreamTextureSystem</Filter>
    </ClInclude>
    <ClInclude Include="UploadList.h">
      <Filter>头文件\Renderer\StreamTextureSystem</Filter>
    </ClInclude>
    <ClInclude Include="Model.h">
      <Filter>头文件\Resource</Filter>
    </ClInclude>
    <ClInclude Include="Mesh.h">
      <Filter>头文件\Resource</Filter>
    </ClInclude>
    <ClInclude Include="UploaderEngine.h">
      <Filter>头文件\Uploader</Filter>
    </ClInclude>
    <ClInclude Include="TerrainPass.h">
      <Filter>头文件\Renderer\RenderPass</Filter>
    </ClInclude>
    <ClInclude Include="CommandSignatureManger.h">
      <Filter>头文件\Manger</Filter>
    </ClInclude>
    <ClInclude Include="CommandBuffer.h">
      <Filter>头文件\Renderer\RenderGraph</Filter>
    </ClInclude>
    <ClInclude Include="TerrainOfflineTask.h">
      <Filter>头文件\OfflineTaskHepler</Filter>
    </ClInclude>
    <ClInclude Include="FormatConverter.h">
      <Filter>头文件\OfflineTaskHepler</Filter>
    </ClInclude>
    <ClInclude Include="RngSeedGenerationPass.h">
      <Filter>头文件\Renderer\RenderPass</Filter>
    </ClInclude>
    <ClInclude Include="SkyGenerationPass.h">
      <Filter>头文件\Renderer\RenderPass</Filter>
    </ClInclude>
    <ClInclude Include="ToneMappingPass.h">
      <Filter>头文件\Renderer\RenderPass</Filter>
    </ClInclude>
    <ClInclude Include="TAAPass.h">
      <Filter>头文件\Renderer\RenderPass</Filter>
    </ClInclude>
    <ClInclude Include="VolumetricCloudsPass.h">
      <Filter>头文件\Renderer\RenderPass</Filter>
    </ClInclude>
    <ClInclude Include="FixedTextureHelper.h">
      <Filter>头文件\OfflineTaskHepler</Filter>
    </ClInclude>
    <ClInclude Include="GenerateNoiseTask.h">
      <Filter>头文件\OfflineTaskHepler</Filter>
    </ClInclude>
  </ItemGroup>
  <ItemGroup>
    <ClCompile Include="BuddyHeapAllocator.cpp">
      <Filter>源文件\Allocator</Filter>
    </ClCompile>
    <ClCompile Include="PoolDescriptorAllocator.cpp">
      <Filter>源文件\Allocator</Filter>
    </ClCompile>
    <ClCompile Include="PoolCommandListAllocator.cpp">
      <Filter>源文件\Allocator</Filter>
    </ClCompile>
    <ClCompile Include="SegregatedPoolHeapAllocator.cpp">
      <Filter>源文件\Allocator</Filter>
    </ClCompile>
    <ClCompile Include="Buffer.cpp">
      <Filter>源文件\Resource</Filter>
    </ClCompile>
    <ClCompile Include="Texture.cpp">
      <Filter>源文件\Resource</Filter>
    </ClCompile>
    <ClCompile Include="ResourceAllocator.cpp">
      <Filter>源文件\Allocator</Filter>
    </ClCompile>
    <ClCompile Include="LinearBufferAllocator.cpp">
      <Filter>源文件\Allocator</Filter>
    </ClCompile>
    <ClCompile Include="RenderEngine.cpp">
      <Filter>源文件\Renderer</Filter>
    </ClCompile>
    <ClCompile Include="ShaderManger.cpp">
      <Filter>源文件\Manger</Filter>
    </ClCompile>
    <ClCompile Include="GPUProfiler.cpp">
      <Filter>源文件\Manger</Filter>
    </ClCompile>
    <ClCompile Include="Material.cpp">
      <Filter>源文件\Resource</Filter>
    </ClCompile>
    <ClCompile Include="Shader.cpp">
      <Filter>源文件\Resource</Filter>
    </ClCompile>
    <ClCompile Include="RenderGraph.cpp">
      <Filter>源文件\Renderer\RenderGraph</Filter>
    </ClCompile>
    <ClCompile Include="RenderGraphBuilder.cpp">
      <Filter>源文件\Renderer\RenderGraph</Filter>
    </ClCompile>
    <ClCompile Include="RenderGraphPass.cpp">
      <Filter>源文件\Renderer\RenderGraph</Filter>
    </ClCompile>
    <ClCompile Include="RenderGraphResource.cpp">
      <Filter>源文件\Renderer\RenderGraph</Filter>
    </ClCompile>
    <ClCompile Include="RendererTest.cpp">
      <Filter>源文件\Test</Filter>
    </ClCompile>
    <ClCompile Include="RenderGraphResourceStorage.cpp">
      <Filter>源文件\Renderer\RenderGraph</Filter>
    </ClCompile>
    <ClCompile Include="ResourceFormat.cpp">
      <Filter>源文件\Resource</Filter>
    </ClCompile>
    <ClCompile Include="MemoryAliasingHelper.cpp">
      <Filter>源文件\Renderer\RenderGraph</Filter>
    </ClCompile>
    <ClCompile Include="RenderGraphItem.cpp">
      <Filter>源文件\Renderer\RenderGraph</Filter>
    </ClCompile>
    <ClCompile Include="RenderGraphResourceID.cpp">
      <Filter>源文件\Renderer\RenderGraph</Filter>
    </ClCompile>
    <ClCompile Include="GBufferPass.cpp">
      <Filter>源文件\Renderer\RenderPass</Filter>
    </ClCompile>
    <ClCompile Include="DeferredLightPass.cpp">
      <Filter>源文件\Renderer\RenderPass</Filter>
    </ClCompile>
    <ClCompile Include="FinalBarrierPass.cpp">
      <Filter>源文件\Renderer\RenderPass</Filter>
    </ClCompile>
    <ClCompile Include="Resource.cpp">
      <Filter>源文件\Resource</Filter>
    </ClCompile>
    <ClCompile Include="ResourceStateTracker.cpp">
      <Filter>源文件\Manger</Filter>
    </ClCompile>
    <ClCompile Include="RingFrameTracker.cpp">
      <Filter>源文件\Manger</Filter>
    </ClCompile>
    <ClCompile Include="StreamTexture.cpp">
      <Filter>源文件\Renderer\StreamTextureSystem</Filter>
    </ClCompile>
    <ClCompile Include="StreamTextureManger.cpp">
      <Filter>源文件\Renderer\StreamTextureSystem</Filter>
    </ClCompile>
    <ClCompile Include="DirectStorageTest.cpp">
      <Filter>源文件\Test</Filter>
    </ClCompile>
    <ClCompile Include="DataUploader.cpp">
      <Filter>源文件\Renderer\StreamTextureSystem</Filter>
    </ClCompile>
    <ClCompile Include="TileUpdater.cpp">
      <Filter>源文件\Renderer\StreamTextureSystem</Filter>
    </ClCompile>
    <ClCompile Include="XeTextureFormat.cpp">
      <Filter>源文件\Renderer\StreamTextureSystem</Filter>
    </ClCompile>
    <ClCompile Include="FileHandle.cpp">
      <Filter>源文件\Renderer\StreamTextureSystem</Filter>
    </ClCompile>
    <ClCompile Include="UploadList.cpp">
      <Filter>源文件\Renderer\StreamTextureSystem</Filter>
    </ClCompile>
    <ClCompile Include="Model.cpp">
      <Filter>源文件\Resource</Filter>
    </ClCompile>
    <ClCompile Include="Mesh.cpp">
      <Filter>源文件\Resource</Filter>
    </ClCompile>
    <ClCompile Include="UploaderEngine.cpp">
      <Filter>源文件\Uploader</Filter>
    </ClCompile>
    <ClCompile Include="TerrainPass.cpp">
      <Filter>源文件\Renderer\RenderPass</Filter>
    </ClCompile>
    <ClCompile Include="CommandSignatureManger.cpp">
      <Filter>源文件\Manger</Filter>
    </ClCompile>
    <ClCompile Include="CommandBuffer.cpp">
      <Filter>源文件\Renderer\RenderGraph</Filter>
    </ClCompile>
    <ClCompile Include="TerrainOfflineTask.cpp">
      <Filter>源文件\OfflineTaskHelper</Filter>
    </ClCompile>
    <ClCompile Include="FormatConverter.cpp">
      <Filter>源文件\OfflineTaskHelper</Filter>
    </ClCompile>
    <ClCompile Include="RngSeedGenerationPass.cpp">
      <Filter>源文件\Renderer\RenderPass</Filter>
    </ClCompile>
    <ClCompile Include="SkyGenerationPass.cpp">
      <Filter>源文件\Renderer\RenderPass</Filter>
    </ClCompile>
    <ClCompile Include="ToneMappingPass.cpp">
      <Filter>源文件\Renderer\RenderPass</Filter>
    </ClCompile>
    <ClCompile Include="TAAPass.cpp">
      <Filter>源文件\Renderer\RenderPass</Filter>
    </ClCompile>
    <ClCompile Include="VolumetricCloudsPass.cpp">
      <Filter>源文件\Renderer\RenderPass</Filter>
    </ClCompile>
    <ClCompile Include="FixedTextureHelper.cpp">
      <Filter>源文件\OfflineTaskHelper</Filter>
    </ClCompile>
    <ClCompile Include="GenerateNoiseTask.cpp">
      <Filter>源文件\OfflineTaskHelper</Filter>
    </ClCompile>
  </ItemGroup>
  <ItemGroup>
    <None Include="RenderGraph.inl">
      <Filter>头文件\Renderer\RenderGraph</Filter>
    </None>
  </ItemGroup>
</Project>