<?xml version="1.0" encoding="utf-8"?>
<Project ToolsVersion="4.0" xmlns="http://schemas.microsoft.com/developer/msbuild/2003">
  <ItemGroup>
    <Filter Include="源文件">
      <UniqueIdentifier>{4FC737F1-C7A5-4376-A066-2A32D752A2FF}</UniqueIdentifier>
      <Extensions>cpp;c;cc;cxx;c++;cppm;ixx;def;odl;idl;hpj;bat;asm;asmx</Extensions>
    </Filter>
    <Filter Include="头文件">
      <UniqueIdentifier>{93995380-89BD-4b04-88EB-625FBE52EBFB}</UniqueIdentifier>
      <Extensions>h;hh;hpp;hxx;h++;hm;inl;inc;ipp;xsd</Extensions>
    </Filter>
    <Filter Include="资源文件">
      <UniqueIdentifier>{67DA6AB6-F800-4c08-8B7A-83BB121AAD01}</UniqueIdentifier>
      <Extensions>rc;ico;cur;bmp;dlg;rc2;rct;bin;rgs;gif;jpg;jpeg;jpe;resx;tiff;tif;png;wav;mfcribbon-ms</Extensions>
    </Filter>
    <Filter Include="头文件\Allocator">
      <UniqueIdentifier>{90c0f4ee-274a-45ad-b29f-e6838306298a}</UniqueIdentifier>
    </Filter>
    <Filter Include="源文件\Allocator">
      <UniqueIdentifier>{b6ed14f2-de6c-4002-9c0b-9eea0f359ff8}</UniqueIdentifier>
    </Filter>
    <Filter Include="头文件\Renderer">
      <UniqueIdentifier>{73b2e5dd-c960-4861-8ef0-d5a4550fb04d}</UniqueIdentifier>
    </Filter>
    <Filter Include="源文件\Renderer">
      <UniqueIdentifier>{56b156e3-2002-4f43-b381-b2c4a2752d85}</UniqueIdentifier>
    </Filter>
    <Filter Include="头文件\Resource">
      <UniqueIdentifier>{405a055a-098c-450f-b518-f8fc6637105f}</UniqueIdentifier>
    </Filter>
    <Filter Include="源文件\Resource">
      <UniqueIdentifier>{aec3f8f6-d3cd-4327-acf2-e460e515cb5c}</UniqueIdentifier>
    </Filter>
    <Filter Include="头文件\Renderer\Uploader">
      <UniqueIdentifier>{d9b62673-acb2-440c-9d9e-c72b46d3b996}</UniqueIdentifier>
    </Filter>
    <Filter Include="源文件\Renderer\Uploader">
      <UniqueIdentifier>{a4ff8c97-87b4-47b7-9af6-0afd76d577b0}</UniqueIdentifier>
    </Filter>
    <Filter Include="头文件\Manger">
      <UniqueIdentifier>{a2954feb-6283-4118-9ffd-3a72fa95b638}</UniqueIdentifier>
    </Filter>
    <Filter Include="源文件\Manger">
      <UniqueIdentifier>{d8ae3728-5dd9-4a9e-9853-7b87eefb335c}</UniqueIdentifier>
    </Filter>
  </ItemGroup>
  <ItemGroup>
    <ClInclude Include="GpuDevice.h">
      <Filter>头文件</Filter>
    </ClInclude>
    <ClInclude Include="BuddyHeapAllocator.h">
      <Filter>头文件\Allocator</Filter>
    </ClInclude>
    <ClInclude Include="PoolDescriptorAllocator.h">
      <Filter>头文件\Allocator</Filter>
    </ClInclude>
    <ClInclude Include="PoolCommandListAllocator.h">
      <Filter>头文件\Allocator</Filter>
    </ClInclude>
    <ClInclude Include="SegregatedPoolHeapAllocator.h">
      <Filter>头文件\Allocator</Filter>
    </ClInclude>
    <ClInclude Include="RingFrameTracker.h">
      <Filter>头文件\Allocator</Filter>
    </ClInclude>
    <ClInclude Include="Buffer.h">
      <Filter>头文件\Resource</Filter>
    </ClInclude>
    <ClInclude Include="Texture.h">
      <Filter>头文件\Resource</Filter>
    </ClInclude>
    <ClInclude Include="BufferDesc.h">
      <Filter>头文件\Resource</Filter>
    </ClInclude>
    <ClInclude Include="TextureDesc.h">
      <Filter>头文件\Resource</Filter>
    </ClInclude>
    <ClInclude Include="ResourceAllocator.h">
      <Filter>头文件\Allocator</Filter>
    </ClInclude>
    <ClInclude Include="LinearBufferAllocator.h">
      <Filter>头文件\Allocator</Filter>
    </ClInclude>
    <ClInclude Include="Renderer.h">
      <Filter>头文件\Renderer</Filter>
    </ClInclude>
    <ClInclude Include="UploadList.h">
      <Filter>头文件\Renderer\Uploader</Filter>
    </ClInclude>
    <ClInclude Include="Uploader.h">
      <Filter>头文件\Renderer\Uploader</Filter>
    </ClInclude>
    <ClInclude Include="PipelineStateAllocator.h">
      <Filter>头文件\Allocator</Filter>
    </ClInclude>
    <ClInclude Include="RootSignatureAllocator.h">
      <Filter>头文件\Allocator</Filter>
    </ClInclude>
    <ClInclude Include="ShaderManger.h">
      <Filter>头文件\Manger</Filter>
    </ClInclude>
  </ItemGroup>
  <ItemGroup>
    <ClCompile Include="GpuDevice.cpp">
      <Filter>源文件</Filter>
    </ClCompile>
    <ClCompile Include="BuddyHeapAllocator.cpp">
      <Filter>源文件\Allocator</Filter>
    </ClCompile>
    <ClCompile Include="PoolDescriptorAllocator.cpp">
      <Filter>源文件\Allocator</Filter>
    </ClCompile>
    <ClCompile Include="PoolCommandListAllocator.cpp">
      <Filter>源文件\Allocator</Filter>
    </ClCompile>
    <ClCompile Include="SegregatedPoolHeapAllocator.cpp">
      <Filter>源文件\Allocator</Filter>
    </ClCompile>
    <ClCompile Include="RingFrameTracker.cpp">
      <Filter>源文件\Allocator</Filter>
    </ClCompile>
    <ClCompile Include="Buffer.cpp">
      <Filter>源文件\Resource</Filter>
    </ClCompile>
    <ClCompile Include="Texture.cpp">
      <Filter>源文件\Resource</Filter>
    </ClCompile>
    <ClCompile Include="ResourceAllocator.cpp">
      <Filter>源文件\Allocator</Filter>
    </ClCompile>
    <ClCompile Include="LinearBufferAllocator.cpp">
      <Filter>源文件\Allocator</Filter>
    </ClCompile>
    <ClCompile Include="Renderer.cpp">
      <Filter>源文件\Renderer</Filter>
    </ClCompile>
    <ClCompile Include="Uploader.cpp">
      <Filter>源文件\Renderer\Uploader</Filter>
    </ClCompile>
    <ClCompile Include="UploadList.cpp">
      <Filter>源文件\Renderer\Uploader</Filter>
    </ClCompile>
    <ClCompile Include="PipelineStateAllocator.cpp">
      <Filter>源文件\Allocator</Filter>
    </ClCompile>
    <ClCompile Include="RootSignatureAllocator.cpp">
      <Filter>源文件\Allocator</Filter>
    </ClCompile>
    <ClCompile Include="ShaderManger.cpp">
      <Filter>源文件\Manger</Filter>
    </ClCompile>
  </ItemGroup>
</Project>