<?xml version="1.0" encoding="utf-8"?>
<Project ToolsVersion="4.0" xmlns="http://schemas.microsoft.com/developer/msbuild/2003">
  <ItemGroup>
    <Filter Include="源文件">
      <UniqueIdentifier>{4FC737F1-C7A5-4376-A066-2A32D752A2FF}</UniqueIdentifier>
      <Extensions>cpp;c;cc;cxx;c++;cppm;ixx;def;odl;idl;hpj;bat;asm;asmx</Extensions>
    </Filter>
    <Filter Include="头文件">
      <UniqueIdentifier>{93995380-89BD-4b04-88EB-625FBE52EBFB}</UniqueIdentifier>
      <Extensions>h;hh;hpp;hxx;h++;hm;inl;inc;ipp;xsd</Extensions>
    </Filter>
    <Filter Include="资源文件">
      <UniqueIdentifier>{67DA6AB6-F800-4c08-8B7A-83BB121AAD01}</UniqueIdentifier>
      <Extensions>rc;ico;cur;bmp;dlg;rc2;rct;bin;rgs;gif;jpg;jpeg;jpe;resx;tiff;tif;png;wav;mfcribbon-ms</Extensions>
    </Filter>
    <Filter Include="头文件\Event">
      <UniqueIdentifier>{50478eb8-332e-4a22-b562-e42e4b967465}</UniqueIdentifier>
    </Filter>
    <Filter Include="头文件\Utils">
      <UniqueIdentifier>{8581e6f0-973c-485b-aa28-68418749fe02}</UniqueIdentifier>
    </Filter>
    <Filter Include="源文件\Utils">
      <UniqueIdentifier>{1950c7dd-9689-4162-9556-b5cafa2165f6}</UniqueIdentifier>
    </Filter>
    <Filter Include="头文件\MemoryStream">
      <UniqueIdentifier>{3f3c96d9-fca6-4c26-b613-96fde45fba12}</UniqueIdentifier>
    </Filter>
    <Filter Include="源文件\MemoryStream">
      <UniqueIdentifier>{0e94fd0c-b128-481a-b743-1690cd169cd1}</UniqueIdentifier>
    </Filter>
    <Filter Include="头文件\Interface">
      <UniqueIdentifier>{002ca075-e61d-44d4-be7d-97a161fbeb36}</UniqueIdentifier>
    </Filter>
    <Filter Include="头文件\Time">
      <UniqueIdentifier>{806c7db8-d433-47c8-856e-a77126f6c43c}</UniqueIdentifier>
    </Filter>
    <Filter Include="源文件\Time">
      <UniqueIdentifier>{abad0955-4b27-4430-bfb5-77d33bff2e22}</UniqueIdentifier>
    </Filter>
  </ItemGroup>
  <ItemGroup>
    <None Include="Event.inl">
      <Filter>头文件\Event</Filter>
    </None>
    <None Include="MemoryStream.inl">
      <Filter>头文件\MemoryStream</Filter>
    </None>
  </ItemGroup>
  <ItemGroup>
    <ClInclude Include="Event.h">
      <Filter>头文件\Event</Filter>
    </ClInclude>
    <ClInclude Include="StrUtil.h">
      <Filter>头文件\Utils</Filter>
    </ClInclude>
    <ClInclude Include="MemoryStream.h">
      <Filter>头文件\MemoryStream</Filter>
    </ClInclude>
    <ClInclude Include="ISerializable.h">
      <Filter>头文件\Interface</Filter>
    </ClInclude>
    <ClInclude Include="Clock.h">
      <Filter>头文件\Time</Filter>
    </ClInclude>
  </ItemGroup>
  <ItemGroup>
    <ClCompile Include="StrUtil.cpp">
      <Filter>源文件\Utils</Filter>
    </ClCompile>
    <ClCompile Include="MemoryStream.cpp">
      <Filter>源文件\MemoryStream</Filter>
    </ClCompile>
    <ClCompile Include="Clock.cpp">
      <Filter>源文件\Time</Filter>
    </ClCompile>
  </ItemGroup>
</Project>